// !$*UTF8*$!
{
	archiveVersion = 1;
	classes = {
	};
	objectVersion = 56;
	objects = {

/* Begin PBXBuildFile section */
		3C286B6D2A4FBC3500FF2F89 /* Food.swift in Sources */ = {isa = PBXBuildFile; fileRef = 3C286B6C2A4FBC3400FF2F89 /* Food.swift */; };
		3CCAA96C2A4FA4F40094887D /* AppDelegate.swift in Sources */ = {isa = PBXBuildFile; fileRef = 3CCAA96B2A4FA4F40094887D /* AppDelegate.swift */; };
		3CCAA96E2A4FA4F40094887D /* SceneDelegate.swift in Sources */ = {isa = PBXBuildFile; fileRef = 3CCAA96D2A4FA4F40094887D /* SceneDelegate.swift */; };
		3CCAA9702A4FA4F40094887D /* ViewController.swift in Sources */ = {isa = PBXBuildFile; fileRef = 3CCAA96F2A4FA4F40094887D /* ViewController.swift */; };
		3CCAA9732A4FA4F40094887D /* Main.storyboard in Resources */ = {isa = PBXBuildFile; fileRef = 3CCAA9712A4FA4F40094887D /* Main.storyboard */; };
		3CCAA9752A4FA4F50094887D /* Assets.xcassets in Resources */ = {isa = PBXBuildFile; fileRef = 3CCAA9742A4FA4F50094887D /* Assets.xcassets */; };
		3CCAA9782A4FA4F50094887D /* LaunchScreen.storyboard in Resources */ = {isa = PBXBuildFile; fileRef = 3CCAA9762A4FA4F50094887D /* LaunchScreen.storyboard */; };
		3CCAA9802A4FA6F50094887D /* CustomTableViewCell.swift in Sources */ = {isa = PBXBuildFile; fileRef = 3CCAA97F2A4FA6F50094887D /* CustomTableViewCell.swift */; };
/* End PBXBuildFile section */

/* Begin PBXFileReference section */
		3C286B6C2A4FBC3400FF2F89 /* Food.swift */ = {isa = PBXFileReference; lastKnownFileType = sourcecode.swift; path = Food.swift; sourceTree = "<group>"; };
		3CCAA9682A4FA4F40094887D /* Sat_TableView.app */ = {isa = PBXFileReference; explicitFileType = wrapper.application; includeInIndex = 0; path = Sat_TableView.app; sourceTree = BUILT_PRODUCTS_DIR; };
		3CCAA96B2A4FA4F40094887D /* AppDelegate.swift */ = {isa = PBXFileReference; lastKnownFileType = sourcecode.swift; path = AppDelegate.swift; sourceTree = "<group>"; };
		3CCAA96D2A4FA4F40094887D /* SceneDelegate.swift */ = {isa = PBXFileReference; lastKnownFileType = sourcecode.swift; path = SceneDelegate.swift; sourceTree = "<group>"; };
		3CCAA96F2A4FA4F40094887D /* ViewController.swift */ = {isa = PBXFileReference; lastKnownFileType = sourcecode.swift; path = ViewController.swift; sourceTree = "<group>"; };
		3CCAA9722A4FA4F40094887D /* Base */ = {isa = PBXFileReference; lastKnownFileType = file.storyboard; name = Base; path = Base.lproj/Main.storyboard; sourceTree = "<group>"; };
		3CCAA9742A4FA4F50094887D /* Assets.xcassets */ = {isa = PBXFileReference; lastKnownFileType = folder.assetcatalog; path = Assets.xcassets; sourceTree = "<group>"; };
		3CCAA9772A4FA4F50094887D /* Base */ = {isa = PBXFileReference; lastKnownFileType = file.storyboard; name = Base; path = Base.lproj/LaunchScreen.storyboard; sourceTree = "<group>"; };
		3CCAA9792A4FA4F50094887D /* Info.plist */ = {isa = PBXFileReference; lastKnownFileType = text.plist.xml; path = Info.plist; sourceTree = "<group>"; };
		3CCAA97F2A4FA6F50094887D /* CustomTableViewCell.swift */ = {isa = PBXFileReference; lastKnownFileType = sourcecode.swift; path = CustomTableViewCell.swift; sourceTree = "<group>"; };
/* End PBXFileReference section */

/* Begin PBXFrameworksBuildPhase section */
		3CCAA9652A4FA4F40094887D /* Frameworks */ = {
			isa = PBXFrameworksBuildPhase;
			buildActionMask = 2147483647;
			files = (
			);
			runOnlyForDeploymentPostprocessing = 0;
		};
/* End PBXFrameworksBuildPhase section */

/* Begin PBXGroup section */
		3CCAA95F2A4FA4F40094887D = {
			isa = PBXGroup;
			children = (
				3CCAA96A2A4FA4F40094887D /* Sat_TableView */,
				3CCAA9692A4FA4F40094887D /* Products */,
			);
			sourceTree = "<group>";
		};
		3CCAA9692A4FA4F40094887D /* Products */ = {
			isa = PBXGroup;
			children = (
				3CCAA9682A4FA4F40094887D /* Sat_TableView.app */,
			);
			name = Products;
			sourceTree = "<group>";
		};
		3CCAA96A2A4FA4F40094887D /* Sat_TableView */ = {
			isa = PBXGroup;
			children = (
				3CCAA96B2A4FA4F40094887D /* AppDelegate.swift */,
				3CCAA96D2A4FA4F40094887D /* SceneDelegate.swift */,
				3C286B6C2A4FBC3400FF2F89 /* Food.swift */,
				3CCAA96F2A4FA4F40094887D /* ViewController.swift */,
				3CCAA97F2A4FA6F50094887D /* CustomTableViewCell.swift */,
				3CCAA9712A4FA4F40094887D /* Main.storyboard */,
				3CCAA9742A4FA4F50094887D /* Assets.xcassets */,
				3CCAA9762A4FA4F50094887D /* LaunchScreen.storyboard */,
				3CCAA9792A4FA4F50094887D /* Info.plist */,
			);
			path = Sat_TableView;
			sourceTree = "<group>";
		};
/* End PBXGroup section */

/* Begin PBXNativeTarget section */
		3CCAA9672A4FA4F40094887D /* Sat_TableView */ = {
			isa = PBXNativeTarget;
			buildConfigurationList = 3CCAA97C2A4FA4F50094887D /* Build configuration list for PBXNativeTarget "Sat_TableView" */;
			buildPhases = (
				3CCAA9642A4FA4F40094887D /* Sources */,
				3CCAA9652A4FA4F40094887D /* Frameworks */,
				3CCAA9662A4FA4F40094887D /* Resources */,
			);
			buildRules = (
			);
			dependencies = (
			);
			name = Sat_TableView;
			productName = Sat_TableView;
			productReference = 3CCAA9682A4FA4F40094887D /* Sat_TableView.app */;
			productType = "com.apple.product-type.application";
		};
/* End PBXNativeTarget section */

/* Begin PBXProject section */
		3CCAA9602A4FA4F40094887D /* Project object */ = {
			isa = PBXProject;
			attributes = {
				BuildIndependentTargetsInParallel = 1;
				LastSwiftUpdateCheck = 1420;
				LastUpgradeCheck = 1420;
				TargetAttributes = {
					3CCAA9672A4FA4F40094887D = {
						CreatedOnToolsVersion = 14.2;
					};
				};
			};
			buildConfigurationList = 3CCAA9632A4FA4F40094887D /* Build configuration list for PBXProject "Sat_TableView" */;
			compatibilityVersion = "Xcode 14.0";
			developmentRegion = en;
			hasScannedForEncodings = 0;
			knownRegions = (
				en,
				Base,
			);
			mainGroup = 3CCAA95F2A4FA4F40094887D;
			productRefGroup = 3CCAA9692A4FA4F40094887D /* Products */;
			projectDirPath = "";
			projectRoot = "";
			targets = (
				3CCAA9672A4FA4F40094887D /* Sat_TableView */,
			);
		};
/* End PBXProject section */

/* Begin PBXResourcesBuildPhase section */
		3CCAA9662A4FA4F40094887D /* Resources */ = {
			isa = PBXResourcesBuildPhase;
			buildActionMask = 2147483647;
			files = (
				3CCAA9782A4FA4F50094887D /* LaunchScreen.storyboard in Resources */,
				3CCAA9752A4FA4F50094887D /* Assets.xcassets in Resources */,
				3CCAA9732A4FA4F40094887D /* Main.storyboard in Resources */,
			);
			runOnlyForDeploymentPostprocessing = 0;
		};
/* End PBXResourcesBuildPhase section */

/* Begin PBXSourcesBuildPhase section */
		3CCAA9642A4FA4F40094887D /* Sources */ = {
			isa = PBXSourcesBuildPhase;
			buildActionMask = 2147483647;
			files = (
				3CCAA9702A4FA4F40094887D /* ViewController.swift in Sources */,
				3CCAA96C2A4FA4F40094887D /* AppDelegate.swift in Sources */,
				3C286B6D2A4FBC3500FF2F89 /* Food.swift in Sources */,
				3CCAA9802A4FA6F50094887D /* CustomTableViewCell.swift in Sources */,
				3CCAA96E2A4FA4F40094887D /* SceneDelegate.swift in Sources */,
			);
			runOnlyForDeploymentPostprocessing = 0;
		};
/* End PBXSourcesBuildPhase section */

/* Begin PBXVariantGroup section */
		3CCAA9712A4FA4F40094887D /* Main.storyboard */ = {
			isa = PBXVariantGroup;
			children = (
				3CCAA9722A4FA4F40094887D /* Base */,
			);
			name = Main.storyboard;
			sourceTree = "<group>";
		};
		3CCAA9762A4FA4F50094887D /* LaunchScreen.storyboard */ = {
			isa = PBXVariantGroup;
			children = (
				3CCAA9772A4FA4F50094887D /* Base */,
			);
			name = LaunchScreen.storyboard;
			sourceTree = "<group>";
		};
/* End PBXVariantGroup section */

/* Begin XCBuildConfiguration section */
		3CCAA97A2A4FA4F50094887D /* Debug */ = {
			isa = XCBuildConfiguration;
			buildSettings = {
				ALWAYS_SEARCH_USER_PATHS = NO;
				CLANG_ANALYZER_NONNULL = YES;
				CLANG_ANALYZER_NUMBER_OBJECT_CONVERSION = YES_AGGRESSIVE;
				CLANG_CXX_LANGUAGE_STANDARD = "gnu++20";
				CLANG_ENABLE_MODULES = YES;
				CLANG_ENABLE_OBJC_ARC = YES;
				CLANG_ENABLE_OBJC_WEAK = YES;
				CLANG_WARN_BLOCK_CAPTURE_AUTORELEASING = YES;
				CLANG_WARN_BOOL_CONVERSION = YES;
				CLANG_WARN_COMMA = YES;
				CLANG_WARN_CONSTANT_CONVERSION = YES;
				CLANG_WARN_DEPRECATED_OBJC_IMPLEMENTATIONS = YES;
				CLANG_WARN_DIRECT_OBJC_ISA_USAGE = YES_ERROR;
				CLANG_WARN_DOCUMENTATION_COMMENTS = YES;
				CLANG_WARN_EMPTY_BODY = YES;
				CLANG_WARN_ENUM_CONVERSION = YES;
				CLANG_WARN_INFINITE_RECURSION = YES;
				CLANG_WARN_INT_CONVERSION = YES;
				CLANG_WARN_NON_LITERAL_NULL_CONVERSION = YES;
				CLANG_WARN_OBJC_IMPLICIT_RETAIN_SELF = YES;
				CLANG_WARN_OBJC_LITERAL_CONVERSION = YES;
				CLANG_WARN_OBJC_ROOT_CLASS = YES_ERROR;
				CLANG_WARN_QUOTED_INCLUDE_IN_FRAMEWORK_HEADER = YES;
				CLANG_WARN_RANGE_LOOP_ANALYSIS = YES;
				CLANG_WARN_STRICT_PROTOTYPES = YES;
				CLANG_WARN_SUSPICIOUS_MOVE = YES;
				CLANG_WARN_UNGUARDED_AVAILABILITY = YES_AGGRESSIVE;
				CLANG_WARN_UNREACHABLE_CODE = YES;
				CLANG_WARN__DUPLICATE_METHOD_MATCH = YES;
				COPY_PHASE_STRIP = NO;
				DEBUG_INFORMATION_FORMAT = dwarf;
				ENABLE_STRICT_OBJC_MSGSEND = YES;
				ENABLE_TESTABILITY = YES;
				GCC_C_LANGUAGE_STANDARD = gnu11;
				GCC_DYNAMIC_NO_PIC = NO;
				GCC_NO_COMMON_BLOCKS = YES;
				GCC_OPTIMIZATION_LEVEL = 0;
				GCC_PREPROCESSOR_DEFINITIONS = (
					"DEBUG=1",
					"$(inherited)",
				);
				GCC_WARN_64_TO_32_BIT_CONVERSION = YES;
				GCC_WARN_ABOUT_RETURN_TYPE = YES_ERROR;
				GCC_WARN_UNDECLARED_SELECTOR = YES;
				GCC_WARN_UNINITIALIZED_AUTOS = YES_AGGRESSIVE;
				GCC_WARN_UNUSED_FUNCTION = YES;
				GCC_WARN_UNUSED_VARIABLE = YES;
				IPHONEOS_DEPLOYMENT_TARGET = 16.2;
				MTL_ENABLE_DEBUG_INFO = INCLUDE_SOURCE;
				MTL_FAST_MATH = YES;
				ONLY_ACTIVE_ARCH = YES;
				SDKROOT = iphoneos;
				SWIFT_ACTIVE_COMPILATION_CONDITIONS = DEBUG;
				SWIFT_OPTIMIZATION_LEVEL = "-Onone";
			};
			name = Debug;
		};
		3CCAA97B2A4FA4F50094887D /* Release */ = {
			isa = XCBuildConfiguration;
			buildSettings = {
				ALWAYS_SEARCH_USER_PATHS = NO;
				CLANG_ANALYZER_NONNULL = YES;
				CLANG_ANALYZER_NUMBER_OBJECT_CONVERSION = YES_AGGRESSIVE;
				CLANG_CXX_LANGUAGE_STANDARD = "gnu++20";
				CLANG_ENABLE_MODULES = YES;
				CLANG_ENABLE_OBJC_ARC = YES;
				CLANG_ENABLE_OBJC_WEAK = YES;
				CLANG_WARN_BLOCK_CAPTURE_AUTORELEASING = YES;
				CLANG_WARN_BOOL_CONVERSION = YES;
				CLANG_WARN_COMMA = YES;
				CLANG_WARN_CONSTANT_CONVERSION = YES;
				CLANG_WARN_DEPRECATED_OBJC_IMPLEMENTATIONS = YES;
				CLANG_WARN_DIRECT_OBJC_ISA_USAGE = YES_ERROR;
				CLANG_WARN_DOCUMENTATION_COMMENTS = YES;
				CLANG_WARN_EMPTY_BODY = YES;
				CLANG_WARN_ENUM_CONVERSION = YES;
				CLANG_WARN_INFINITE_RECURSION = YES;
				CLANG_WARN_INT_CONVERSION = YES;
				CLANG_WARN_NON_LITERAL_NULL_CONVERSION = YES;
				CLANG_WARN_OBJC_IMPLICIT_RETAIN_SELF = YES;
				CLANG_WARN_OBJC_LITERAL_CONVERSION = YES;
				CLANG_WARN_OBJC_ROOT_CLASS = YES_ERROR;
				CLANG_WARN_QUOTED_INCLUDE_IN_FRAMEWORK_HEADER = YES;
				CLANG_WARN_RANGE_LOOP_ANALYSIS = YES;
				CLANG_WARN_STRICT_PROTOTYPES = YES;
				CLANG_WARN_SUSPICIOUS_MOVE = YES;
				CLANG_WARN_UNGUARDED_AVAILABILITY = YES_AGGRESSIVE;
				CLANG_WARN_UNREACHABLE_CODE = YES;
				CLANG_WARN__DUPLICATE_METHOD_MATCH = YES;
				COPY_PHASE_STRIP = NO;
				DEBUG_INFORMATION_FORMAT = "dwarf-with-dsym";
				ENABLE_NS_ASSERTIONS = NO;
				ENABLE_STRICT_OBJC_MSGSEND = YES;
				GCC_C_LANGUAGE_STANDARD = gnu11;
				GCC_NO_COMMON_BLOCKS = YES;
				GCC_WARN_64_TO_32_BIT_CONVERSION = YES;
				GCC_WARN_ABOUT_RETURN_TYPE = YES_ERROR;
				GCC_WARN_UNDECLARED_SELECTOR = YES;
				GCC_WARN_UNINITIALIZED_AUTOS = YES_AGGRESSIVE;
				GCC_WARN_UNUSED_FUNCTION = YES;
				GCC_WARN_UNUSED_VARIABLE = YES;
				IPHONEOS_DEPLOYMENT_TARGET = 16.2;
				MTL_ENABLE_DEBUG_INFO = NO;
				MTL_FAST_MATH = YES;
				SDKROOT = iphoneos;
				SWIFT_COMPILATION_MODE = wholemodule;
				SWIFT_OPTIMIZATION_LEVEL = "-O";
				VALIDATE_PRODUCT = YES;
			};
			name = Release;
		};
		3CCAA97D2A4FA4F50094887D /* Debug */ = {
			isa = XCBuildConfiguration;
			buildSettings = {
				ASSETCATALOG_COMPILER_APPICON_NAME = AppIcon;
				ASSETCATALOG_COMPILER_GLOBAL_ACCENT_COLOR_NAME = AccentColor;
				CODE_SIGN_STYLE = Automatic;
				CURRENT_PROJECT_VERSION = 1;
				GENERATE_INFOPLIST_FILE = YES;
				INFOPLIST_FILE = Sat_TableView/Info.plist;
				INFOPLIST_KEY_UIApplicationSupportsIndirectInputEvents = YES;
				INFOPLIST_KEY_UILaunchStoryboardName = LaunchScreen;
				INFOPLIST_KEY_UIMainStoryboardFile = Main;
				INFOPLIST_KEY_UISupportedInterfaceOrientations_iPad = "UIInterfaceOrientationPortrait UIInterfaceOrientationPortraitUpsideDown UIInterfaceOrientationLandscapeLeft UIInterfaceOrientationLandscapeRight";
				INFOPLIST_KEY_UISupportedInterfaceOrientations_iPhone = "UIInterfaceOrientationPortrait UIInterfaceOrientationLandscapeLeft UIInterfaceOrientationLandscapeRight";
				LD_RUNPATH_SEARCH_PATHS = (
					"$(inherited)",
					"@executable_path/Frameworks",
				);
				MARKETING_VERSION = 1.0;
				PRODUCT_BUNDLE_IDENTIFIER = "com.whales.Sat-TableView";
				PRODUCT_NAME = "$(TARGET_NAME)";
				SWIFT_EMIT_LOC_STRINGS = YES;
				SWIFT_VERSION = 5.0;
				TARGETED_DEVICE_FAMILY = "1,2";
			};
			name = Debug;
		};
		3CCAA97E2A4FA4F50094887D /* Release */ = {
			isa = XCBuildConfiguration;
			buildSettings = {
				ASSETCATALOG_COMPILER_APPICON_NAME = AppIcon;
				ASSETCATALOG_COMPILER_GLOBAL_ACCENT_COLOR_NAME = AccentColor;
				CODE_SIGN_STYLE = Automatic;
				CURRENT_PROJECT_VERSION = 1;
				GENERATE_INFOPLIST_FILE = YES;
				INFOPLIST_FILE = Sat_TableView/Info.plist;
				INFOPLIST_KEY_UIApplicationSupportsIndirectInputEvents = YES;
				INFOPLIST_KEY_UILaunchStoryboardName = LaunchScreen;
				INFOPLIST_KEY_UIMainStoryboardFile = Main;
				INFOPLIST_KEY_UISupportedInterfaceOrientations_iPad = "UIInterfaceOrientationPortrait UIInterfaceOrientationPortraitUpsideDown UIInterfaceOrientationLandscapeLeft UIInterfaceOrientationLandscapeRight";
				INFOPLIST_KEY_UISupportedInterfaceOrientations_iPhone = "UIInterfaceOrientationPortrait UIInterfaceOrientationLandscapeLeft UIInterfaceOrientationLandscapeRight";
				LD_RUNPATH_SEARCH_PATHS = (
					"$(inherited)",
					"@executable_path/Frameworks",
				);
				MARKETING_VERSION = 1.0;
				PRODUCT_BUNDLE_IDENTIFIER = "com.whales.Sat-TableView";
				PRODUCT_NAME = "$(TARGET_NAME)";
				SWIFT_EMIT_LOC_STRINGS = YES;
				SWIFT_VERSION = 5.0;
				TARGETED_DEVICE_FAMILY = "1,2";
			};
			name = Release;
		};
/* End XCBuildConfiguration section */

/* Begin XCConfigurationList section */
		3CCAA9632A4FA4F40094887D /* Build configuration list for PBXProject "Sat_TableView" */ = {
			isa = XCConfigurationList;
			buildConfigurations = (
				3CCAA97A2A4FA4F50094887D /* Debug */,
				3CCAA97B2A4FA4F50094887D /* Release */,
			);
			defaultConfigurationIsVisible = 0;
			defaultConfigurationName = Release;
		};
		3CCAA97C2A4FA4F50094887D /* Build configuration list for PBXNativeTarget "Sat_TableView" */ = {
			isa = XCConfigurationList;
			buildConfigurations = (
				3CCAA97D2A4FA4F50094887D /* Debug */,
				3CCAA97E2A4FA4F50094887D /* Release */,
			);
			defaultConfigurationIsVisible = 0;
			defaultConfigurationName = Release;
		};
/* End XCConfigurationList section */
	};
	rootObject = 3CCAA9602A4FA4F40094887D /* Project object */;
}
