// !$*UTF8*$!
{
	archiveVersion = 1;
	classes = {
	};
	objectVersion = 56;
	objects = {

/* Begin PBXBuildFile section */
		284F06492A2ABB1C00580596 /* main.swift in Sources */ = {isa = PBXBuildFile; fileRef = 284F06482A2ABB1C00580596 /* main.swift */; };
		284F06502A2ABB8E00580596 /* Menu.swift in Sources */ = {isa = PBXBuildFile; fileRef = 284F064F2A2ABB8E00580596 /* Menu.swift */; };
		284F06542A2ABBE000580596 /* ContactInfomation.swift in Sources */ = {isa = PBXBuildFile; fileRef = 284F06532A2ABBE000580596 /* ContactInfomation.swift */; };
		284F06562A2ABCC000580596 /* ContactInformationList.swift in Sources */ = {isa = PBXBuildFile; fileRef = 284F06552A2ABCC000580596 /* ContactInformationList.swift */; };
		284F06582A2ACB2F00580596 /* ContactInformationValidator.swift in Sources */ = {isa = PBXBuildFile; fileRef = 284F06572A2ACB2F00580596 /* ContactInformationValidator.swift */; };
/* End PBXBuildFile section */

/* Begin PBXCopyFilesBuildPhase section */
		284F06432A2ABB1C00580596 /* CopyFiles */ = {
			isa = PBXCopyFilesBuildPhase;
			buildActionMask = 2147483647;
			dstPath = /usr/share/man/man1/;
			dstSubfolderSpec = 0;
			files = (
			);
			runOnlyForDeploymentPostprocessing = 1;
		};
/* End PBXCopyFilesBuildPhase section */

/* Begin PBXFileReference section */
		284F06452A2ABB1C00580596 /* week6_SOLID */ = {isa = PBXFileReference; explicitFileType = "compiled.mach-o.executable"; includeInIndex = 0; path = week6_SOLID; sourceTree = BUILT_PRODUCTS_DIR; };
		284F06482A2ABB1C00580596 /* main.swift */ = {isa = PBXFileReference; lastKnownFileType = sourcecode.swift; path = main.swift; sourceTree = "<group>"; };
		284F064F2A2ABB8E00580596 /* Menu.swift */ = {isa = PBXFileReference; lastKnownFileType = sourcecode.swift; path = Menu.swift; sourceTree = "<group>"; };
		284F06532A2ABBE000580596 /* ContactInfomation.swift */ = {isa = PBXFileReference; lastKnownFileType = sourcecode.swift; path = ContactInfomation.swift; sourceTree = "<group>"; };
		284F06552A2ABCC000580596 /* ContactInformationList.swift */ = {isa = PBXFileReference; lastKnownFileType = sourcecode.swift; path = ContactInformationList.swift; sourceTree = "<group>"; };
		284F06572A2ACB2F00580596 /* ContactInformationValidator.swift */ = {isa = PBXFileReference; lastKnownFileType = sourcecode.swift; path = ContactInformationValidator.swift; sourceTree = "<group>"; };
/* End PBXFileReference section */

/* Begin PBXFrameworksBuildPhase section */
		284F06422A2ABB1C00580596 /* Frameworks */ = {
			isa = PBXFrameworksBuildPhase;
			buildActionMask = 2147483647;
			files = (
			);
			runOnlyForDeploymentPostprocessing = 0;
		};
/* End PBXFrameworksBuildPhase section */

/* Begin PBXGroup section */
		284F063C2A2ABB1C00580596 = {
			isa = PBXGroup;
			children = (
				284F06472A2ABB1C00580596 /* week6_SOLID */,
				284F06462A2ABB1C00580596 /* Products */,
			);
			sourceTree = "<group>";
		};
		284F06462A2ABB1C00580596 /* Products */ = {
			isa = PBXGroup;
			children = (
				284F06452A2ABB1C00580596 /* week6_SOLID */,
			);
			name = Products;
			sourceTree = "<group>";
		};
		284F06472A2ABB1C00580596 /* week6_SOLID */ = {
			isa = PBXGroup;
			children = (
				284F06482A2ABB1C00580596 /* main.swift */,
				284F064F2A2ABB8E00580596 /* Menu.swift */,
				284F06532A2ABBE000580596 /* ContactInfomation.swift */,
				284F06552A2ABCC000580596 /* ContactInformationList.swift */,
				284F06572A2ACB2F00580596 /* ContactInformationValidator.swift */,
			);
			path = week6_SOLID;
			sourceTree = "<group>";
		};
/* End PBXGroup section */

/* Begin PBXNativeTarget section */
		284F06442A2ABB1C00580596 /* week6_SOLID */ = {
			isa = PBXNativeTarget;
			buildConfigurationList = 284F064C2A2ABB1C00580596 /* Build configuration list for PBXNativeTarget "week6_SOLID" */;
			buildPhases = (
				284F06412A2ABB1C00580596 /* Sources */,
				284F06422A2ABB1C00580596 /* Frameworks */,
				284F06432A2ABB1C00580596 /* CopyFiles */,
			);
			buildRules = (
			);
			dependencies = (
			);
			name = week6_SOLID;
			productName = week6_SOLID;
			productReference = 284F06452A2ABB1C00580596 /* week6_SOLID */;
			productType = "com.apple.product-type.tool";
		};
/* End PBXNativeTarget section */

/* Begin PBXProject section */
		284F063D2A2ABB1C00580596 /* Project object */ = {
			isa = PBXProject;
			attributes = {
				BuildIndependentTargetsInParallel = 1;
				LastSwiftUpdateCheck = 1430;
				LastUpgradeCheck = 1430;
				TargetAttributes = {
					284F06442A2ABB1C00580596 = {
						CreatedOnToolsVersion = 14.3;
					};
				};
			};
			buildConfigurationList = 284F06402A2ABB1C00580596 /* Build configuration list for PBXProject "week6_SOLID" */;
			compatibilityVersion = "Xcode 14.0";
			developmentRegion = en;
			hasScannedForEncodings = 0;
			knownRegions = (
				en,
				Base,
			);
			mainGroup = 284F063C2A2ABB1C00580596;
			productRefGroup = 284F06462A2ABB1C00580596 /* Products */;
			projectDirPath = "";
			projectRoot = "";
			targets = (
				284F06442A2ABB1C00580596 /* week6_SOLID */,
			);
		};
/* End PBXProject section */

/* Begin PBXSourcesBuildPhase section */
		284F06412A2ABB1C00580596 /* Sources */ = {
			isa = PBXSourcesBuildPhase;
			buildActionMask = 2147483647;
			files = (
				284F06562A2ABCC000580596 /* ContactInformationList.swift in Sources */,
				284F06502A2ABB8E00580596 /* Menu.swift in Sources */,
				284F06582A2ACB2F00580596 /* ContactInformationValidator.swift in Sources */,
				284F06492A2ABB1C00580596 /* main.swift in Sources */,
				284F06542A2ABBE000580596 /* ContactInfomation.swift in Sources */,
			);
			runOnlyForDeploymentPostprocessing = 0;
		};
/* End PBXSourcesBuildPhase section */

/* Begin XCBuildConfiguration section */
		284F064A2A2ABB1C00580596 /* Debug */ = {
			isa = XCBuildConfiguration;
			buildSettings = {
				ALWAYS_SEARCH_USER_PATHS = NO;
				CLANG_ANALYZER_NONNULL = YES;
				CLANG_ANALYZER_NUMBER_OBJECT_CONVERSION = YES_AGGRESSIVE;
				CLANG_CXX_LANGUAGE_STANDARD = "gnu++20";
				CLANG_ENABLE_MODULES = YES;
				CLANG_ENABLE_OBJC_ARC = YES;
				CLANG_ENABLE_OBJC_WEAK = YES;
				CLANG_WARN_BLOCK_CAPTURE_AUTORELEASING = YES;
				CLANG_WARN_BOOL_CONVERSION = YES;
				CLANG_WARN_COMMA = YES;
				CLANG_WARN_CONSTANT_CONVERSION = YES;
				CLANG_WARN_DEPRECATED_OBJC_IMPLEMENTATIONS = YES;
				CLANG_WARN_DIRECT_OBJC_ISA_USAGE = YES_ERROR;
				CLANG_WARN_DOCUMENTATION_COMMENTS = YES;
				CLANG_WARN_EMPTY_BODY = YES;
				CLANG_WARN_ENUM_CONVERSION = YES;
				CLANG_WARN_INFINITE_RECURSION = YES;
				CLANG_WARN_INT_CONVERSION = YES;
				CLANG_WARN_NON_LITERAL_NULL_CONVERSION = YES;
				CLANG_WARN_OBJC_IMPLICIT_RETAIN_SELF = YES;
				CLANG_WARN_OBJC_LITERAL_CONVERSION = YES;
				CLANG_WARN_OBJC_ROOT_CLASS = YES_ERROR;
				CLANG_WARN_QUOTED_INCLUDE_IN_FRAMEWORK_HEADER = YES;
				CLANG_WARN_RANGE_LOOP_ANALYSIS = YES;
				CLANG_WARN_STRICT_PROTOTYPES = YES;
				CLANG_WARN_SUSPICIOUS_MOVE = YES;
				CLANG_WARN_UNGUARDED_AVAILABILITY = YES_AGGRESSIVE;
				CLANG_WARN_UNREACHABLE_CODE = YES;
				CLANG_WARN__DUPLICATE_METHOD_MATCH = YES;
				COPY_PHASE_STRIP = NO;
				DEBUG_INFORMATION_FORMAT = dwarf;
				ENABLE_STRICT_OBJC_MSGSEND = YES;
				ENABLE_TESTABILITY = YES;
				GCC_C_LANGUAGE_STANDARD = gnu11;
				GCC_DYNAMIC_NO_PIC = NO;
				GCC_NO_COMMON_BLOCKS = YES;
				GCC_OPTIMIZATION_LEVEL = 0;
				GCC_PREPROCESSOR_DEFINITIONS = (
					"DEBUG=1",
					"$(inherited)",
				);
				GCC_WARN_64_TO_32_BIT_CONVERSION = YES;
				GCC_WARN_ABOUT_RETURN_TYPE = YES_ERROR;
				GCC_WARN_UNDECLARED_SELECTOR = YES;
				GCC_WARN_UNINITIALIZED_AUTOS = YES_AGGRESSIVE;
				GCC_WARN_UNUSED_FUNCTION = YES;
				GCC_WARN_UNUSED_VARIABLE = YES;
				MACOSX_DEPLOYMENT_TARGET = 13.3;
				MTL_ENABLE_DEBUG_INFO = INCLUDE_SOURCE;
				MTL_FAST_MATH = YES;
				ONLY_ACTIVE_ARCH = YES;
				SDKROOT = macosx;
				SWIFT_ACTIVE_COMPILATION_CONDITIONS = DEBUG;
				SWIFT_OPTIMIZATION_LEVEL = "-Onone";
			};
			name = Debug;
		};
		284F064B2A2ABB1C00580596 /* Release */ = {
			isa = XCBuildConfiguration;
			buildSettings = {
				ALWAYS_SEARCH_USER_PATHS = NO;
				CLANG_ANALYZER_NONNULL = YES;
				CLANG_ANALYZER_NUMBER_OBJECT_CONVERSION = YES_AGGRESSIVE;
				CLANG_CXX_LANGUAGE_STANDARD = "gnu++20";
				CLANG_ENABLE_MODULES = YES;
				CLANG_ENABLE_OBJC_ARC = YES;
				CLANG_ENABLE_OBJC_WEAK = YES;
				CLANG_WARN_BLOCK_CAPTURE_AUTORELEASING = YES;
				CLANG_WARN_BOOL_CONVERSION = YES;
				CLANG_WARN_COMMA = YES;
				CLANG_WARN_CONSTANT_CONVERSION = YES;
				CLANG_WARN_DEPRECATED_OBJC_IMPLEMENTATIONS = YES;
				CLANG_WARN_DIRECT_OBJC_ISA_USAGE = YES_ERROR;
				CLANG_WARN_DOCUMENTATION_COMMENTS = YES;
				CLANG_WARN_EMPTY_BODY = YES;
				CLANG_WARN_ENUM_CONVERSION = YES;
				CLANG_WARN_INFINITE_RECURSION = YES;
				CLANG_WARN_INT_CONVERSION = YES;
				CLANG_WARN_NON_LITERAL_NULL_CONVERSION = YES;
				CLANG_WARN_OBJC_IMPLICIT_RETAIN_SELF = YES;
				CLANG_WARN_OBJC_LITERAL_CONVERSION = YES;
				CLANG_WARN_OBJC_ROOT_CLASS = YES_ERROR;
				CLANG_WARN_QUOTED_INCLUDE_IN_FRAMEWORK_HEADER = YES;
				CLANG_WARN_RANGE_LOOP_ANALYSIS = YES;
				CLANG_WARN_STRICT_PROTOTYPES = YES;
				CLANG_WARN_SUSPICIOUS_MOVE = YES;
				CLANG_WARN_UNGUARDED_AVAILABILITY = YES_AGGRESSIVE;
				CLANG_WARN_UNREACHABLE_CODE = YES;
				CLANG_WARN__DUPLICATE_METHOD_MATCH = YES;
				COPY_PHASE_STRIP = NO;
				DEBUG_INFORMATION_FORMAT = "dwarf-with-dsym";
				ENABLE_NS_ASSERTIONS = NO;
				ENABLE_STRICT_OBJC_MSGSEND = YES;
				GCC_C_LANGUAGE_STANDARD = gnu11;
				GCC_NO_COMMON_BLOCKS = YES;
				GCC_WARN_64_TO_32_BIT_CONVERSION = YES;
				GCC_WARN_ABOUT_RETURN_TYPE = YES_ERROR;
				GCC_WARN_UNDECLARED_SELECTOR = YES;
				GCC_WARN_UNINITIALIZED_AUTOS = YES_AGGRESSIVE;
				GCC_WARN_UNUSED_FUNCTION = YES;
				GCC_WARN_UNUSED_VARIABLE = YES;
				MACOSX_DEPLOYMENT_TARGET = 13.3;
				MTL_ENABLE_DEBUG_INFO = NO;
				MTL_FAST_MATH = YES;
				SDKROOT = macosx;
				SWIFT_COMPILATION_MODE = wholemodule;
				SWIFT_OPTIMIZATION_LEVEL = "-O";
			};
			name = Release;
		};
		284F064D2A2ABB1C00580596 /* Debug */ = {
			isa = XCBuildConfiguration;
			buildSettings = {
				CODE_SIGN_STYLE = Automatic;
				PRODUCT_NAME = "$(TARGET_NAME)";
				SWIFT_VERSION = 5.0;
			};
			name = Debug;
		};
		284F064E2A2ABB1C00580596 /* Release */ = {
			isa = XCBuildConfiguration;
			buildSettings = {
				CODE_SIGN_STYLE = Automatic;
				PRODUCT_NAME = "$(TARGET_NAME)";
				SWIFT_VERSION = 5.0;
			};
			name = Release;
		};
/* End XCBuildConfiguration section */

/* Begin XCConfigurationList section */
		284F06402A2ABB1C00580596 /* Build configuration list for PBXProject "week6_SOLID" */ = {
			isa = XCConfigurationList;
			buildConfigurations = (
				284F064A2A2ABB1C00580596 /* Debug */,
				284F064B2A2ABB1C00580596 /* Release */,
			);
			defaultConfigurationIsVisible = 0;
			defaultConfigurationName = Release;
		};
		284F064C2A2ABB1C00580596 /* Build configuration list for PBXNativeTarget "week6_SOLID" */ = {
			isa = XCConfigurationList;
			buildConfigurations = (
				284F064D2A2ABB1C00580596 /* Debug */,
				284F064E2A2ABB1C00580596 /* Release */,
			);
			defaultConfigurationIsVisible = 0;
			defaultConfigurationName = Release;
		};
/* End XCConfigurationList section */
	};
	rootObject = 284F063D2A2ABB1C00580596 /* Project object */;
}
