// !$*UTF8*$!
{
	archiveVersion = 1;
	classes = {
	};
	objectVersion = 56;
	objects = {

/* Begin PBXBuildFile section */
		289318CE2A6AB4C30081B3B6 /* AppDelegate.swift in Sources */ = {isa = PBXBuildFile; fileRef = 289318CD2A6AB4C30081B3B6 /* AppDelegate.swift */; };
		289318D02A6AB4C30081B3B6 /* SceneDelegate.swift in Sources */ = {isa = PBXBuildFile; fileRef = 289318CF2A6AB4C30081B3B6 /* SceneDelegate.swift */; };
		289318D22A6AB4C30081B3B6 /* ViewController.swift in Sources */ = {isa = PBXBuildFile; fileRef = 289318D12A6AB4C30081B3B6 /* ViewController.swift */; };
		289318D52A6AB4C30081B3B6 /* Main.storyboard in Resources */ = {isa = PBXBuildFile; fileRef = 289318D32A6AB4C30081B3B6 /* Main.storyboard */; };
		289318D72A6AB4C30081B3B6 /* Assets.xcassets in Resources */ = {isa = PBXBuildFile; fileRef = 289318D62A6AB4C30081B3B6 /* Assets.xcassets */; };
		289318DA2A6AB4C30081B3B6 /* LaunchScreen.storyboard in Resources */ = {isa = PBXBuildFile; fileRef = 289318D82A6AB4C30081B3B6 /* LaunchScreen.storyboard */; };
		28AF925C2A6B5589000AC757 /* GreenView.swift in Sources */ = {isa = PBXBuildFile; fileRef = 28AF925B2A6B5589000AC757 /* GreenView.swift */; };
		28AF925E2A6B55A6000AC757 /* OrangeView.swift in Sources */ = {isa = PBXBuildFile; fileRef = 28AF925D2A6B55A6000AC757 /* OrangeView.swift */; };
		28AF92602A6B55B6000AC757 /* PurpleView.swift in Sources */ = {isa = PBXBuildFile; fileRef = 28AF925F2A6B55B6000AC757 /* PurpleView.swift */; };
		28AF92622A6B55C4000AC757 /* BlueView.swift in Sources */ = {isa = PBXBuildFile; fileRef = 28AF92612A6B55C4000AC757 /* BlueView.swift */; };
		28AF92642A6B5800000AC757 /* MainView.swift in Sources */ = {isa = PBXBuildFile; fileRef = 28AF92632A6B5800000AC757 /* MainView.swift */; };
		28AF92662A6B69D0000AC757 /* YellowButton.swift in Sources */ = {isa = PBXBuildFile; fileRef = 28AF92652A6B69D0000AC757 /* YellowButton.swift */; };
/* End PBXBuildFile section */

/* Begin PBXFileReference section */
		289318CA2A6AB4C30081B3B6 /* ResponderChain.app */ = {isa = PBXFileReference; explicitFileType = wrapper.application; includeInIndex = 0; path = ResponderChain.app; sourceTree = BUILT_PRODUCTS_DIR; };
		289318CD2A6AB4C30081B3B6 /* AppDelegate.swift */ = {isa = PBXFileReference; lastKnownFileType = sourcecode.swift; path = AppDelegate.swift; sourceTree = "<group>"; };
		289318CF2A6AB4C30081B3B6 /* SceneDelegate.swift */ = {isa = PBXFileReference; lastKnownFileType = sourcecode.swift; path = SceneDelegate.swift; sourceTree = "<group>"; };
		289318D12A6AB4C30081B3B6 /* ViewController.swift */ = {isa = PBXFileReference; lastKnownFileType = sourcecode.swift; path = ViewController.swift; sourceTree = "<group>"; };
		289318D42A6AB4C30081B3B6 /* Base */ = {isa = PBXFileReference; lastKnownFileType = file.storyboard; name = Base; path = Base.lproj/Main.storyboard; sourceTree = "<group>"; };
		289318D62A6AB4C30081B3B6 /* Assets.xcassets */ = {isa = PBXFileReference; lastKnownFileType = folder.assetcatalog; path = Assets.xcassets; sourceTree = "<group>"; };
		289318D92A6AB4C30081B3B6 /* Base */ = {isa = PBXFileReference; lastKnownFileType = file.storyboard; name = Base; path = Base.lproj/LaunchScreen.storyboard; sourceTree = "<group>"; };
		289318DB2A6AB4C30081B3B6 /* Info.plist */ = {isa = PBXFileReference; lastKnownFileType = text.plist.xml; path = Info.plist; sourceTree = "<group>"; };
		28AF925B2A6B5589000AC757 /* GreenView.swift */ = {isa = PBXFileReference; lastKnownFileType = sourcecode.swift; path = GreenView.swift; sourceTree = "<group>"; };
		28AF925D2A6B55A6000AC757 /* OrangeView.swift */ = {isa = PBXFileReference; lastKnownFileType = sourcecode.swift; path = OrangeView.swift; sourceTree = "<group>"; };
		28AF925F2A6B55B6000AC757 /* PurpleView.swift */ = {isa = PBXFileReference; lastKnownFileType = sourcecode.swift; path = PurpleView.swift; sourceTree = "<group>"; };
		28AF92612A6B55C4000AC757 /* BlueView.swift */ = {isa = PBXFileReference; lastKnownFileType = sourcecode.swift; path = BlueView.swift; sourceTree = "<group>"; };
		28AF92632A6B5800000AC757 /* MainView.swift */ = {isa = PBXFileReference; lastKnownFileType = sourcecode.swift; path = MainView.swift; sourceTree = "<group>"; };
		28AF92652A6B69D0000AC757 /* YellowButton.swift */ = {isa = PBXFileReference; lastKnownFileType = sourcecode.swift; path = YellowButton.swift; sourceTree = "<group>"; };
/* End PBXFileReference section */

/* Begin PBXFrameworksBuildPhase section */
		289318C72A6AB4C30081B3B6 /* Frameworks */ = {
			isa = PBXFrameworksBuildPhase;
			buildActionMask = 2147483647;
			files = (
			);
			runOnlyForDeploymentPostprocessing = 0;
		};
/* End PBXFrameworksBuildPhase section */

/* Begin PBXGroup section */
		289318C12A6AB4C30081B3B6 = {
			isa = PBXGroup;
			children = (
				289318CC2A6AB4C30081B3B6 /* ResponderChain */,
				289318CB2A6AB4C30081B3B6 /* Products */,
			);
			sourceTree = "<group>";
		};
		289318CB2A6AB4C30081B3B6 /* Products */ = {
			isa = PBXGroup;
			children = (
				289318CA2A6AB4C30081B3B6 /* ResponderChain.app */,
			);
			name = Products;
			sourceTree = "<group>";
		};
		289318CC2A6AB4C30081B3B6 /* ResponderChain */ = {
			isa = PBXGroup;
			children = (
				289318CD2A6AB4C30081B3B6 /* AppDelegate.swift */,
				289318CF2A6AB4C30081B3B6 /* SceneDelegate.swift */,
				289318D12A6AB4C30081B3B6 /* ViewController.swift */,
				289318D32A6AB4C30081B3B6 /* Main.storyboard */,
				289318D62A6AB4C30081B3B6 /* Assets.xcassets */,
				289318D82A6AB4C30081B3B6 /* LaunchScreen.storyboard */,
				289318DB2A6AB4C30081B3B6 /* Info.plist */,
				28AF925B2A6B5589000AC757 /* GreenView.swift */,
				28AF925D2A6B55A6000AC757 /* OrangeView.swift */,
				28AF925F2A6B55B6000AC757 /* PurpleView.swift */,
				28AF92612A6B55C4000AC757 /* BlueView.swift */,
				28AF92632A6B5800000AC757 /* MainView.swift */,
				28AF92652A6B69D0000AC757 /* YellowButton.swift */,
			);
			path = ResponderChain;
			sourceTree = "<group>";
		};
/* End PBXGroup section */

/* Begin PBXNativeTarget section */
		289318C92A6AB4C30081B3B6 /* ResponderChain */ = {
			isa = PBXNativeTarget;
			buildConfigurationList = 289318DE2A6AB4C30081B3B6 /* Build configuration list for PBXNativeTarget "ResponderChain" */;
			buildPhases = (
				289318C62A6AB4C30081B3B6 /* Sources */,
				289318C72A6AB4C30081B3B6 /* Frameworks */,
				289318C82A6AB4C30081B3B6 /* Resources */,
			);
			buildRules = (
			);
			dependencies = (
			);
			name = ResponderChain;
			productName = ResponderChain;
			productReference = 289318CA2A6AB4C30081B3B6 /* ResponderChain.app */;
			productType = "com.apple.product-type.application";
		};
/* End PBXNativeTarget section */

/* Begin PBXProject section */
		289318C22A6AB4C30081B3B6 /* Project object */ = {
			isa = PBXProject;
			attributes = {
				BuildIndependentTargetsInParallel = 1;
				LastSwiftUpdateCheck = 1430;
				LastUpgradeCheck = 1430;
				TargetAttributes = {
					289318C92A6AB4C30081B3B6 = {
						CreatedOnToolsVersion = 14.3.1;
					};
				};
			};
			buildConfigurationList = 289318C52A6AB4C30081B3B6 /* Build configuration list for PBXProject "ResponderChain" */;
			compatibilityVersion = "Xcode 14.0";
			developmentRegion = en;
			hasScannedForEncodings = 0;
			knownRegions = (
				en,
				Base,
			);
			mainGroup = 289318C12A6AB4C30081B3B6;
			productRefGroup = 289318CB2A6AB4C30081B3B6 /* Products */;
			projectDirPath = "";
			projectRoot = "";
			targets = (
				289318C92A6AB4C30081B3B6 /* ResponderChain */,
			);
		};
/* End PBXProject section */

/* Begin PBXResourcesBuildPhase section */
		289318C82A6AB4C30081B3B6 /* Resources */ = {
			isa = PBXResourcesBuildPhase;
			buildActionMask = 2147483647;
			files = (
				289318DA2A6AB4C30081B3B6 /* LaunchScreen.storyboard in Resources */,
				289318D72A6AB4C30081B3B6 /* Assets.xcassets in Resources */,
				289318D52A6AB4C30081B3B6 /* Main.storyboard in Resources */,
			);
			runOnlyForDeploymentPostprocessing = 0;
		};
/* End PBXResourcesBuildPhase section */

/* Begin PBXSourcesBuildPhase section */
		289318C62A6AB4C30081B3B6 /* Sources */ = {
			isa = PBXSourcesBuildPhase;
			buildActionMask = 2147483647;
			files = (
				28AF92622A6B55C4000AC757 /* BlueView.swift in Sources */,
				28AF92662A6B69D0000AC757 /* YellowButton.swift in Sources */,
				28AF92642A6B5800000AC757 /* MainView.swift in Sources */,
				28AF925E2A6B55A6000AC757 /* OrangeView.swift in Sources */,
				289318D22A6AB4C30081B3B6 /* ViewController.swift in Sources */,
				28AF92602A6B55B6000AC757 /* PurpleView.swift in Sources */,
				289318CE2A6AB4C30081B3B6 /* AppDelegate.swift in Sources */,
				28AF925C2A6B5589000AC757 /* GreenView.swift in Sources */,
				289318D02A6AB4C30081B3B6 /* SceneDelegate.swift in Sources */,
			);
			runOnlyForDeploymentPostprocessing = 0;
		};
/* End PBXSourcesBuildPhase section */

/* Begin PBXVariantGroup section */
		289318D32A6AB4C30081B3B6 /* Main.storyboard */ = {
			isa = PBXVariantGroup;
			children = (
				289318D42A6AB4C30081B3B6 /* Base */,
			);
			name = Main.storyboard;
			sourceTree = "<group>";
		};
		289318D82A6AB4C30081B3B6 /* LaunchScreen.storyboard */ = {
			isa = PBXVariantGroup;
			children = (
				289318D92A6AB4C30081B3B6 /* Base */,
			);
			name = LaunchScreen.storyboard;
			sourceTree = "<group>";
		};
/* End PBXVariantGroup section */

/* Begin XCBuildConfiguration section */
		289318DC2A6AB4C30081B3B6 /* Debug */ = {
			isa = XCBuildConfiguration;
			buildSettings = {
				ALWAYS_SEARCH_USER_PATHS = NO;
				CLANG_ANALYZER_NONNULL = YES;
				CLANG_ANALYZER_NUMBER_OBJECT_CONVERSION = YES_AGGRESSIVE;
				CLANG_CXX_LANGUAGE_STANDARD = "gnu++20";
				CLANG_ENABLE_MODULES = YES;
				CLANG_ENABLE_OBJC_ARC = YES;
				CLANG_ENABLE_OBJC_WEAK = YES;
				CLANG_WARN_BLOCK_CAPTURE_AUTORELEASING = YES;
				CLANG_WARN_BOOL_CONVERSION = YES;
				CLANG_WARN_COMMA = YES;
				CLANG_WARN_CONSTANT_CONVERSION = YES;
				CLANG_WARN_DEPRECATED_OBJC_IMPLEMENTATIONS = YES;
				CLANG_WARN_DIRECT_OBJC_ISA_USAGE = YES_ERROR;
				CLANG_WARN_DOCUMENTATION_COMMENTS = YES;
				CLANG_WARN_EMPTY_BODY = YES;
				CLANG_WARN_ENUM_CONVERSION = YES;
				CLANG_WARN_INFINITE_RECURSION = YES;
				CLANG_WARN_INT_CONVERSION = YES;
				CLANG_WARN_NON_LITERAL_NULL_CONVERSION = YES;
				CLANG_WARN_OBJC_IMPLICIT_RETAIN_SELF = YES;
				CLANG_WARN_OBJC_LITERAL_CONVERSION = YES;
				CLANG_WARN_OBJC_ROOT_CLASS = YES_ERROR;
				CLANG_WARN_QUOTED_INCLUDE_IN_FRAMEWORK_HEADER = YES;
				CLANG_WARN_RANGE_LOOP_ANALYSIS = YES;
				CLANG_WARN_STRICT_PROTOTYPES = YES;
				CLANG_WARN_SUSPICIOUS_MOVE = YES;
				CLANG_WARN_UNGUARDED_AVAILABILITY = YES_AGGRESSIVE;
				CLANG_WARN_UNREACHABLE_CODE = YES;
				CLANG_WARN__DUPLICATE_METHOD_MATCH = YES;
				COPY_PHASE_STRIP = NO;
				DEBUG_INFORMATION_FORMAT = dwarf;
				ENABLE_STRICT_OBJC_MSGSEND = YES;
				ENABLE_TESTABILITY = YES;
				GCC_C_LANGUAGE_STANDARD = gnu11;
				GCC_DYNAMIC_NO_PIC = NO;
				GCC_NO_COMMON_BLOCKS = YES;
				GCC_OPTIMIZATION_LEVEL = 0;
				GCC_PREPROCESSOR_DEFINITIONS = (
					"DEBUG=1",
					"$(inherited)",
				);
				GCC_WARN_64_TO_32_BIT_CONVERSION = YES;
				GCC_WARN_ABOUT_RETURN_TYPE = YES_ERROR;
				GCC_WARN_UNDECLARED_SELECTOR = YES;
				GCC_WARN_UNINITIALIZED_AUTOS = YES_AGGRESSIVE;
				GCC_WARN_UNUSED_FUNCTION = YES;
				GCC_WARN_UNUSED_VARIABLE = YES;
				IPHONEOS_DEPLOYMENT_TARGET = 16.4;
				MTL_ENABLE_DEBUG_INFO = INCLUDE_SOURCE;
				MTL_FAST_MATH = YES;
				ONLY_ACTIVE_ARCH = YES;
				SDKROOT = iphoneos;
				SWIFT_ACTIVE_COMPILATION_CONDITIONS = DEBUG;
				SWIFT_OPTIMIZATION_LEVEL = "-Onone";
			};
			name = Debug;
		};
		289318DD2A6AB4C30081B3B6 /* Release */ = {
			isa = XCBuildConfiguration;
			buildSettings = {
				ALWAYS_SEARCH_USER_PATHS = NO;
				CLANG_ANALYZER_NONNULL = YES;
				CLANG_ANALYZER_NUMBER_OBJECT_CONVERSION = YES_AGGRESSIVE;
				CLANG_CXX_LANGUAGE_STANDARD = "gnu++20";
				CLANG_ENABLE_MODULES = YES;
				CLANG_ENABLE_OBJC_ARC = YES;
				CLANG_ENABLE_OBJC_WEAK = YES;
				CLANG_WARN_BLOCK_CAPTURE_AUTORELEASING = YES;
				CLANG_WARN_BOOL_CONVERSION = YES;
				CLANG_WARN_COMMA = YES;
				CLANG_WARN_CONSTANT_CONVERSION = YES;
				CLANG_WARN_DEPRECATED_OBJC_IMPLEMENTATIONS = YES;
				CLANG_WARN_DIRECT_OBJC_ISA_USAGE = YES_ERROR;
				CLANG_WARN_DOCUMENTATION_COMMENTS = YES;
				CLANG_WARN_EMPTY_BODY = YES;
				CLANG_WARN_ENUM_CONVERSION = YES;
				CLANG_WARN_INFINITE_RECURSION = YES;
				CLANG_WARN_INT_CONVERSION = YES;
				CLANG_WARN_NON_LITERAL_NULL_CONVERSION = YES;
				CLANG_WARN_OBJC_IMPLICIT_RETAIN_SELF = YES;
				CLANG_WARN_OBJC_LITERAL_CONVERSION = YES;
				CLANG_WARN_OBJC_ROOT_CLASS = YES_ERROR;
				CLANG_WARN_QUOTED_INCLUDE_IN_FRAMEWORK_HEADER = YES;
				CLANG_WARN_RANGE_LOOP_ANALYSIS = YES;
				CLANG_WARN_STRICT_PROTOTYPES = YES;
				CLANG_WARN_SUSPICIOUS_MOVE = YES;
				CLANG_WARN_UNGUARDED_AVAILABILITY = YES_AGGRESSIVE;
				CLANG_WARN_UNREACHABLE_CODE = YES;
				CLANG_WARN__DUPLICATE_METHOD_MATCH = YES;
				COPY_PHASE_STRIP = NO;
				DEBUG_INFORMATION_FORMAT = "dwarf-with-dsym";
				ENABLE_NS_ASSERTIONS = NO;
				ENABLE_STRICT_OBJC_MSGSEND = YES;
				GCC_C_LANGUAGE_STANDARD = gnu11;
				GCC_NO_COMMON_BLOCKS = YES;
				GCC_WARN_64_TO_32_BIT_CONVERSION = YES;
				GCC_WARN_ABOUT_RETURN_TYPE = YES_ERROR;
				GCC_WARN_UNDECLARED_SELECTOR = YES;
				GCC_WARN_UNINITIALIZED_AUTOS = YES_AGGRESSIVE;
				GCC_WARN_UNUSED_FUNCTION = YES;
				GCC_WARN_UNUSED_VARIABLE = YES;
				IPHONEOS_DEPLOYMENT_TARGET = 16.4;
				MTL_ENABLE_DEBUG_INFO = NO;
				MTL_FAST_MATH = YES;
				SDKROOT = iphoneos;
				SWIFT_COMPILATION_MODE = wholemodule;
				SWIFT_OPTIMIZATION_LEVEL = "-O";
				VALIDATE_PRODUCT = YES;
			};
			name = Release;
		};
		289318DF2A6AB4C30081B3B6 /* Debug */ = {
			isa = XCBuildConfiguration;
			buildSettings = {
				ASSETCATALOG_COMPILER_APPICON_NAME = AppIcon;
				ASSETCATALOG_COMPILER_GLOBAL_ACCENT_COLOR_NAME = AccentColor;
				CODE_SIGN_STYLE = Automatic;
				CURRENT_PROJECT_VERSION = 1;
				GENERATE_INFOPLIST_FILE = YES;
				INFOPLIST_FILE = ResponderChain/Info.plist;
				INFOPLIST_KEY_UIApplicationSupportsIndirectInputEvents = YES;
				INFOPLIST_KEY_UILaunchStoryboardName = LaunchScreen;
				INFOPLIST_KEY_UIMainStoryboardFile = Main;
				INFOPLIST_KEY_UISupportedInterfaceOrientations_iPad = "UIInterfaceOrientationPortrait UIInterfaceOrientationPortraitUpsideDown UIInterfaceOrientationLandscapeLeft UIInterfaceOrientationLandscapeRight";
				INFOPLIST_KEY_UISupportedInterfaceOrientations_iPhone = "UIInterfaceOrientationPortrait UIInterfaceOrientationLandscapeLeft UIInterfaceOrientationLandscapeRight";
				LD_RUNPATH_SEARCH_PATHS = (
					"$(inherited)",
					"@executable_path/Frameworks",
				);
				MARKETING_VERSION = 1.0;
				PRODUCT_BUNDLE_IDENTIFIER = EtialMoon.ResponderChain;
				PRODUCT_NAME = "$(TARGET_NAME)";
				SUPPORTED_PLATFORMS = "iphoneos iphonesimulator";
				SUPPORTS_MACCATALYST = NO;
				SUPPORTS_MAC_DESIGNED_FOR_IPHONE_IPAD = NO;
				SWIFT_EMIT_LOC_STRINGS = YES;
				SWIFT_VERSION = 5.0;
				TARGETED_DEVICE_FAMILY = 1;
			};
			name = Debug;
		};
		289318E02A6AB4C30081B3B6 /* Release */ = {
			isa = XCBuildConfiguration;
			buildSettings = {
				ASSETCATALOG_COMPILER_APPICON_NAME = AppIcon;
				ASSETCATALOG_COMPILER_GLOBAL_ACCENT_COLOR_NAME = AccentColor;
				CODE_SIGN_STYLE = Automatic;
				CURRENT_PROJECT_VERSION = 1;
				GENERATE_INFOPLIST_FILE = YES;
				INFOPLIST_FILE = ResponderChain/Info.plist;
				INFOPLIST_KEY_UIApplicationSupportsIndirectInputEvents = YES;
				INFOPLIST_KEY_UILaunchStoryboardName = LaunchScreen;
				INFOPLIST_KEY_UIMainStoryboardFile = Main;
				INFOPLIST_KEY_UISupportedInterfaceOrientations_iPad = "UIInterfaceOrientationPortrait UIInterfaceOrientationPortraitUpsideDown UIInterfaceOrientationLandscapeLeft UIInterfaceOrientationLandscapeRight";
				INFOPLIST_KEY_UISupportedInterfaceOrientations_iPhone = "UIInterfaceOrientationPortrait UIInterfaceOrientationLandscapeLeft UIInterfaceOrientationLandscapeRight";
				LD_RUNPATH_SEARCH_PATHS = (
					"$(inherited)",
					"@executable_path/Frameworks",
				);
				MARKETING_VERSION = 1.0;
				PRODUCT_BUNDLE_IDENTIFIER = EtialMoon.ResponderChain;
				PRODUCT_NAME = "$(TARGET_NAME)";
				SUPPORTED_PLATFORMS = "iphoneos iphonesimulator";
				SUPPORTS_MACCATALYST = NO;
				SUPPORTS_MAC_DESIGNED_FOR_IPHONE_IPAD = NO;
				SWIFT_EMIT_LOC_STRINGS = YES;
				SWIFT_VERSION = 5.0;
				TARGETED_DEVICE_FAMILY = 1;
			};
			name = Release;
		};
/* End XCBuildConfiguration section */

/* Begin XCConfigurationList section */
		289318C52A6AB4C30081B3B6 /* Build configuration list for PBXProject "ResponderChain" */ = {
			isa = XCConfigurationList;
			buildConfigurations = (
				289318DC2A6AB4C30081B3B6 /* Debug */,
				289318DD2A6AB4C30081B3B6 /* Release */,
			);
			defaultConfigurationIsVisible = 0;
			defaultConfigurationName = Release;
		};
		289318DE2A6AB4C30081B3B6 /* Build configuration list for PBXNativeTarget "ResponderChain" */ = {
			isa = XCConfigurationList;
			buildConfigurations = (
				289318DF2A6AB4C30081B3B6 /* Debug */,
				289318E02A6AB4C30081B3B6 /* Release */,
			);
			defaultConfigurationIsVisible = 0;
			defaultConfigurationName = Release;
		};
/* End XCConfigurationList section */
	};
	rootObject = 289318C22A6AB4C30081B3B6 /* Project object */;
}
