// !$*UTF8*$!
{
	archiveVersion = 1;
	classes = {
	};
	objectVersion = 56;
	objects = {

/* Begin PBXBuildFile section */
		ACC7EFA52A4FA5FB000EE4C1 /* AppDelegate.swift in Sources */ = {isa = PBXBuildFile; fileRef = ACC7EFA42A4FA5FB000EE4C1 /* AppDelegate.swift */; };
		ACC7EFA72A4FA5FB000EE4C1 /* SceneDelegate.swift in Sources */ = {isa = PBXBuildFile; fileRef = ACC7EFA62A4FA5FB000EE4C1 /* SceneDelegate.swift */; };
		ACC7EFA92A4FA5FB000EE4C1 /* ViewController.swift in Sources */ = {isa = PBXBuildFile; fileRef = ACC7EFA82A4FA5FB000EE4C1 /* ViewController.swift */; };
		ACC7EFAC2A4FA5FB000EE4C1 /* Main.storyboard in Resources */ = {isa = PBXBuildFile; fileRef = ACC7EFAA2A4FA5FB000EE4C1 /* Main.storyboard */; };
		ACC7EFAE2A4FA5FB000EE4C1 /* Assets.xcassets in Resources */ = {isa = PBXBuildFile; fileRef = ACC7EFAD2A4FA5FB000EE4C1 /* Assets.xcassets */; };
		ACC7EFB12A4FA5FB000EE4C1 /* LaunchScreen.storyboard in Resources */ = {isa = PBXBuildFile; fileRef = ACC7EFAF2A4FA5FB000EE4C1 /* LaunchScreen.storyboard */; };
		ACC7EFB92A4FA6E3000EE4C1 /* CustomTableViewCell.swift in Sources */ = {isa = PBXBuildFile; fileRef = ACC7EFB82A4FA6E3000EE4C1 /* CustomTableViewCell.swift */; };
		ACC7EFBB2A4FB250000EE4C1 /* FoodType.swift in Sources */ = {isa = PBXBuildFile; fileRef = ACC7EFBA2A4FB250000EE4C1 /* FoodType.swift */; };
		ACC7EFBD2A4FFB47000EE4C1 /* Food.swift in Sources */ = {isa = PBXBuildFile; fileRef = ACC7EFBC2A4FFB47000EE4C1 /* Food.swift */; };
/* End PBXBuildFile section */

/* Begin PBXFileReference section */
		ACC7EFA12A4FA5FB000EE4C1 /* 2_week1_TableView.app */ = {isa = PBXFileReference; explicitFileType = wrapper.application; includeInIndex = 0; path = 2_week1_TableView.app; sourceTree = BUILT_PRODUCTS_DIR; };
		ACC7EFA42A4FA5FB000EE4C1 /* AppDelegate.swift */ = {isa = PBXFileReference; lastKnownFileType = sourcecode.swift; path = AppDelegate.swift; sourceTree = "<group>"; };
		ACC7EFA62A4FA5FB000EE4C1 /* SceneDelegate.swift */ = {isa = PBXFileReference; lastKnownFileType = sourcecode.swift; path = SceneDelegate.swift; sourceTree = "<group>"; };
		ACC7EFA82A4FA5FB000EE4C1 /* ViewController.swift */ = {isa = PBXFileReference; lastKnownFileType = sourcecode.swift; path = ViewController.swift; sourceTree = "<group>"; };
		ACC7EFAB2A4FA5FB000EE4C1 /* Base */ = {isa = PBXFileReference; lastKnownFileType = file.storyboard; name = Base; path = Base.lproj/Main.storyboard; sourceTree = "<group>"; };
		ACC7EFAD2A4FA5FB000EE4C1 /* Assets.xcassets */ = {isa = PBXFileReference; lastKnownFileType = folder.assetcatalog; path = Assets.xcassets; sourceTree = "<group>"; };
		ACC7EFB02A4FA5FB000EE4C1 /* Base */ = {isa = PBXFileReference; lastKnownFileType = file.storyboard; name = Base; path = Base.lproj/LaunchScreen.storyboard; sourceTree = "<group>"; };
		ACC7EFB22A4FA5FB000EE4C1 /* Info.plist */ = {isa = PBXFileReference; lastKnownFileType = text.plist.xml; path = Info.plist; sourceTree = "<group>"; };
		ACC7EFB82A4FA6E3000EE4C1 /* CustomTableViewCell.swift */ = {isa = PBXFileReference; lastKnownFileType = sourcecode.swift; path = CustomTableViewCell.swift; sourceTree = "<group>"; };
		ACC7EFBA2A4FB250000EE4C1 /* FoodType.swift */ = {isa = PBXFileReference; lastKnownFileType = sourcecode.swift; path = FoodType.swift; sourceTree = "<group>"; };
		ACC7EFBC2A4FFB47000EE4C1 /* Food.swift */ = {isa = PBXFileReference; lastKnownFileType = sourcecode.swift; path = Food.swift; sourceTree = "<group>"; };
/* End PBXFileReference section */

/* Begin PBXFrameworksBuildPhase section */
		ACC7EF9E2A4FA5FB000EE4C1 /* Frameworks */ = {
			isa = PBXFrameworksBuildPhase;
			buildActionMask = 2147483647;
			files = (
			);
			runOnlyForDeploymentPostprocessing = 0;
		};
/* End PBXFrameworksBuildPhase section */

/* Begin PBXGroup section */
		ACC7EF982A4FA5FB000EE4C1 = {
			isa = PBXGroup;
			children = (
				ACC7EFA32A4FA5FB000EE4C1 /* 2_week1_TableView */,
				ACC7EFA22A4FA5FB000EE4C1 /* Products */,
			);
			sourceTree = "<group>";
		};
		ACC7EFA22A4FA5FB000EE4C1 /* Products */ = {
			isa = PBXGroup;
			children = (
				ACC7EFA12A4FA5FB000EE4C1 /* 2_week1_TableView.app */,
			);
			name = Products;
			sourceTree = "<group>";
		};
		ACC7EFA32A4FA5FB000EE4C1 /* 2_week1_TableView */ = {
			isa = PBXGroup;
			children = (
				ACC7EFBE2A4FFB6B000EE4C1 /* Application */,
				ACC7EFBF2A500162000EE4C1 /* Model */,
				ACC7EFC02A500173000EE4C1 /* View */,
				ACC7EFC12A50019B000EE4C1 /* Controller */,
				ACC7EFAD2A4FA5FB000EE4C1 /* Assets.xcassets */,
				ACC7EFB22A4FA5FB000EE4C1 /* Info.plist */,
			);
			path = 2_week1_TableView;
			sourceTree = "<group>";
		};
		ACC7EFBE2A4FFB6B000EE4C1 /* Application */ = {
			isa = PBXGroup;
			children = (
				ACC7EFA42A4FA5FB000EE4C1 /* AppDelegate.swift */,
				ACC7EFA62A4FA5FB000EE4C1 /* SceneDelegate.swift */,
			);
			path = Application;
			sourceTree = "<group>";
		};
		ACC7EFBF2A500162000EE4C1 /* Model */ = {
			isa = PBXGroup;
			children = (
				ACC7EFBA2A4FB250000EE4C1 /* FoodType.swift */,
				ACC7EFBC2A4FFB47000EE4C1 /* Food.swift */,
			);
			path = Model;
			sourceTree = "<group>";
		};
		ACC7EFC02A500173000EE4C1 /* View */ = {
			isa = PBXGroup;
			children = (
				ACC7EFAA2A4FA5FB000EE4C1 /* Main.storyboard */,
				ACC7EFAF2A4FA5FB000EE4C1 /* LaunchScreen.storyboard */,
				ACC7EFB82A4FA6E3000EE4C1 /* CustomTableViewCell.swift */,
			);
			path = View;
			sourceTree = "<group>";
		};
		ACC7EFC12A50019B000EE4C1 /* Controller */ = {
			isa = PBXGroup;
			children = (
				ACC7EFA82A4FA5FB000EE4C1 /* ViewController.swift */,
			);
			path = Controller;
			sourceTree = "<group>";
		};
/* End PBXGroup section */

/* Begin PBXNativeTarget section */
		ACC7EFA02A4FA5FB000EE4C1 /* 2_week1_TableView */ = {
			isa = PBXNativeTarget;
			buildConfigurationList = ACC7EFB52A4FA5FB000EE4C1 /* Build configuration list for PBXNativeTarget "2_week1_TableView" */;
			buildPhases = (
				ACC7EF9D2A4FA5FB000EE4C1 /* Sources */,
				ACC7EF9E2A4FA5FB000EE4C1 /* Frameworks */,
				ACC7EF9F2A4FA5FB000EE4C1 /* Resources */,
			);
			buildRules = (
			);
			dependencies = (
			);
			name = 2_week1_TableView;
			productName = 2_week1_TableView;
			productReference = ACC7EFA12A4FA5FB000EE4C1 /* 2_week1_TableView.app */;
			productType = "com.apple.product-type.application";
		};
/* End PBXNativeTarget section */

/* Begin PBXProject section */
		ACC7EF992A4FA5FB000EE4C1 /* Project object */ = {
			isa = PBXProject;
			attributes = {
				BuildIndependentTargetsInParallel = 1;
				LastSwiftUpdateCheck = 1430;
				LastUpgradeCheck = 1430;
				TargetAttributes = {
					ACC7EFA02A4FA5FB000EE4C1 = {
						CreatedOnToolsVersion = 14.3.1;
					};
				};
			};
			buildConfigurationList = ACC7EF9C2A4FA5FB000EE4C1 /* Build configuration list for PBXProject "2_week1_TableView" */;
			compatibilityVersion = "Xcode 14.0";
			developmentRegion = en;
			hasScannedForEncodings = 0;
			knownRegions = (
				en,
				Base,
			);
			mainGroup = ACC7EF982A4FA5FB000EE4C1;
			productRefGroup = ACC7EFA22A4FA5FB000EE4C1 /* Products */;
			projectDirPath = "";
			projectRoot = "";
			targets = (
				ACC7EFA02A4FA5FB000EE4C1 /* 2_week1_TableView */,
			);
		};
/* End PBXProject section */

/* Begin PBXResourcesBuildPhase section */
		ACC7EF9F2A4FA5FB000EE4C1 /* Resources */ = {
			isa = PBXResourcesBuildPhase;
			buildActionMask = 2147483647;
			files = (
				ACC7EFB12A4FA5FB000EE4C1 /* LaunchScreen.storyboard in Resources */,
				ACC7EFAE2A4FA5FB000EE4C1 /* Assets.xcassets in Resources */,
				ACC7EFAC2A4FA5FB000EE4C1 /* Main.storyboard in Resources */,
			);
			runOnlyForDeploymentPostprocessing = 0;
		};
/* End PBXResourcesBuildPhase section */

/* Begin PBXSourcesBuildPhase section */
		ACC7EF9D2A4FA5FB000EE4C1 /* Sources */ = {
			isa = PBXSourcesBuildPhase;
			buildActionMask = 2147483647;
			files = (
				ACC7EFBB2A4FB250000EE4C1 /* FoodType.swift in Sources */,
				ACC7EFA92A4FA5FB000EE4C1 /* ViewController.swift in Sources */,
				ACC7EFA52A4FA5FB000EE4C1 /* AppDelegate.swift in Sources */,
				ACC7EFB92A4FA6E3000EE4C1 /* CustomTableViewCell.swift in Sources */,
				ACC7EFA72A4FA5FB000EE4C1 /* SceneDelegate.swift in Sources */,
				ACC7EFBD2A4FFB47000EE4C1 /* Food.swift in Sources */,
			);
			runOnlyForDeploymentPostprocessing = 0;
		};
/* End PBXSourcesBuildPhase section */

/* Begin PBXVariantGroup section */
		ACC7EFAA2A4FA5FB000EE4C1 /* Main.storyboard */ = {
			isa = PBXVariantGroup;
			children = (
				ACC7EFAB2A4FA5FB000EE4C1 /* Base */,
			);
			name = Main.storyboard;
			sourceTree = "<group>";
		};
		ACC7EFAF2A4FA5FB000EE4C1 /* LaunchScreen.storyboard */ = {
			isa = PBXVariantGroup;
			children = (
				ACC7EFB02A4FA5FB000EE4C1 /* Base */,
			);
			name = LaunchScreen.storyboard;
			sourceTree = "<group>";
		};
/* End PBXVariantGroup section */

/* Begin XCBuildConfiguration section */
		ACC7EFB32A4FA5FB000EE4C1 /* Debug */ = {
			isa = XCBuildConfiguration;
			buildSettings = {
				ALWAYS_SEARCH_USER_PATHS = NO;
				CLANG_ANALYZER_NONNULL = YES;
				CLANG_ANALYZER_NUMBER_OBJECT_CONVERSION = YES_AGGRESSIVE;
				CLANG_CXX_LANGUAGE_STANDARD = "gnu++20";
				CLANG_ENABLE_MODULES = YES;
				CLANG_ENABLE_OBJC_ARC = YES;
				CLANG_ENABLE_OBJC_WEAK = YES;
				CLANG_WARN_BLOCK_CAPTURE_AUTORELEASING = YES;
				CLANG_WARN_BOOL_CONVERSION = YES;
				CLANG_WARN_COMMA = YES;
				CLANG_WARN_CONSTANT_CONVERSION = YES;
				CLANG_WARN_DEPRECATED_OBJC_IMPLEMENTATIONS = YES;
				CLANG_WARN_DIRECT_OBJC_ISA_USAGE = YES_ERROR;
				CLANG_WARN_DOCUMENTATION_COMMENTS = YES;
				CLANG_WARN_EMPTY_BODY = YES;
				CLANG_WARN_ENUM_CONVERSION = YES;
				CLANG_WARN_INFINITE_RECURSION = YES;
				CLANG_WARN_INT_CONVERSION = YES;
				CLANG_WARN_NON_LITERAL_NULL_CONVERSION = YES;
				CLANG_WARN_OBJC_IMPLICIT_RETAIN_SELF = YES;
				CLANG_WARN_OBJC_LITERAL_CONVERSION = YES;
				CLANG_WARN_OBJC_ROOT_CLASS = YES_ERROR;
				CLANG_WARN_QUOTED_INCLUDE_IN_FRAMEWORK_HEADER = YES;
				CLANG_WARN_RANGE_LOOP_ANALYSIS = YES;
				CLANG_WARN_STRICT_PROTOTYPES = YES;
				CLANG_WARN_SUSPICIOUS_MOVE = YES;
				CLANG_WARN_UNGUARDED_AVAILABILITY = YES_AGGRESSIVE;
				CLANG_WARN_UNREACHABLE_CODE = YES;
				CLANG_WARN__DUPLICATE_METHOD_MATCH = YES;
				COPY_PHASE_STRIP = NO;
				DEBUG_INFORMATION_FORMAT = dwarf;
				ENABLE_STRICT_OBJC_MSGSEND = YES;
				ENABLE_TESTABILITY = YES;
				GCC_C_LANGUAGE_STANDARD = gnu11;
				GCC_DYNAMIC_NO_PIC = NO;
				GCC_NO_COMMON_BLOCKS = YES;
				GCC_OPTIMIZATION_LEVEL = 0;
				GCC_PREPROCESSOR_DEFINITIONS = (
					"DEBUG=1",
					"$(inherited)",
				);
				GCC_WARN_64_TO_32_BIT_CONVERSION = YES;
				GCC_WARN_ABOUT_RETURN_TYPE = YES_ERROR;
				GCC_WARN_UNDECLARED_SELECTOR = YES;
				GCC_WARN_UNINITIALIZED_AUTOS = YES_AGGRESSIVE;
				GCC_WARN_UNUSED_FUNCTION = YES;
				GCC_WARN_UNUSED_VARIABLE = YES;
				IPHONEOS_DEPLOYMENT_TARGET = 16.4;
				MTL_ENABLE_DEBUG_INFO = INCLUDE_SOURCE;
				MTL_FAST_MATH = YES;
				ONLY_ACTIVE_ARCH = YES;
				SDKROOT = iphoneos;
				SWIFT_ACTIVE_COMPILATION_CONDITIONS = DEBUG;
				SWIFT_OPTIMIZATION_LEVEL = "-Onone";
			};
			name = Debug;
		};
		ACC7EFB42A4FA5FB000EE4C1 /* Release */ = {
			isa = XCBuildConfiguration;
			buildSettings = {
				ALWAYS_SEARCH_USER_PATHS = NO;
				CLANG_ANALYZER_NONNULL = YES;
				CLANG_ANALYZER_NUMBER_OBJECT_CONVERSION = YES_AGGRESSIVE;
				CLANG_CXX_LANGUAGE_STANDARD = "gnu++20";
				CLANG_ENABLE_MODULES = YES;
				CLANG_ENABLE_OBJC_ARC = YES;
				CLANG_ENABLE_OBJC_WEAK = YES;
				CLANG_WARN_BLOCK_CAPTURE_AUTORELEASING = YES;
				CLANG_WARN_BOOL_CONVERSION = YES;
				CLANG_WARN_COMMA = YES;
				CLANG_WARN_CONSTANT_CONVERSION = YES;
				CLANG_WARN_DEPRECATED_OBJC_IMPLEMENTATIONS = YES;
				CLANG_WARN_DIRECT_OBJC_ISA_USAGE = YES_ERROR;
				CLANG_WARN_DOCUMENTATION_COMMENTS = YES;
				CLANG_WARN_EMPTY_BODY = YES;
				CLANG_WARN_ENUM_CONVERSION = YES;
				CLANG_WARN_INFINITE_RECURSION = YES;
				CLANG_WARN_INT_CONVERSION = YES;
				CLANG_WARN_NON_LITERAL_NULL_CONVERSION = YES;
				CLANG_WARN_OBJC_IMPLICIT_RETAIN_SELF = YES;
				CLANG_WARN_OBJC_LITERAL_CONVERSION = YES;
				CLANG_WARN_OBJC_ROOT_CLASS = YES_ERROR;
				CLANG_WARN_QUOTED_INCLUDE_IN_FRAMEWORK_HEADER = YES;
				CLANG_WARN_RANGE_LOOP_ANALYSIS = YES;
				CLANG_WARN_STRICT_PROTOTYPES = YES;
				CLANG_WARN_SUSPICIOUS_MOVE = YES;
				CLANG_WARN_UNGUARDED_AVAILABILITY = YES_AGGRESSIVE;
				CLANG_WARN_UNREACHABLE_CODE = YES;
				CLANG_WARN__DUPLICATE_METHOD_MATCH = YES;
				COPY_PHASE_STRIP = NO;
				DEBUG_INFORMATION_FORMAT = "dwarf-with-dsym";
				ENABLE_NS_ASSERTIONS = NO;
				ENABLE_STRICT_OBJC_MSGSEND = YES;
				GCC_C_LANGUAGE_STANDARD = gnu11;
				GCC_NO_COMMON_BLOCKS = YES;
				GCC_WARN_64_TO_32_BIT_CONVERSION = YES;
				GCC_WARN_ABOUT_RETURN_TYPE = YES_ERROR;
				GCC_WARN_UNDECLARED_SELECTOR = YES;
				GCC_WARN_UNINITIALIZED_AUTOS = YES_AGGRESSIVE;
				GCC_WARN_UNUSED_FUNCTION = YES;
				GCC_WARN_UNUSED_VARIABLE = YES;
				IPHONEOS_DEPLOYMENT_TARGET = 16.4;
				MTL_ENABLE_DEBUG_INFO = NO;
				MTL_FAST_MATH = YES;
				SDKROOT = iphoneos;
				SWIFT_COMPILATION_MODE = wholemodule;
				SWIFT_OPTIMIZATION_LEVEL = "-O";
				VALIDATE_PRODUCT = YES;
			};
			name = Release;
		};
		ACC7EFB62A4FA5FB000EE4C1 /* Debug */ = {
			isa = XCBuildConfiguration;
			buildSettings = {
				ASSETCATALOG_COMPILER_APPICON_NAME = AppIcon;
				ASSETCATALOG_COMPILER_GLOBAL_ACCENT_COLOR_NAME = AccentColor;
				CODE_SIGN_STYLE = Automatic;
				CURRENT_PROJECT_VERSION = 1;
				GENERATE_INFOPLIST_FILE = YES;
				INFOPLIST_FILE = 2_week1_TableView/Info.plist;
				INFOPLIST_KEY_UIApplicationSupportsIndirectInputEvents = YES;
				INFOPLIST_KEY_UILaunchStoryboardName = LaunchScreen;
				INFOPLIST_KEY_UIMainStoryboardFile = Main;
				INFOPLIST_KEY_UISupportedInterfaceOrientations_iPad = "UIInterfaceOrientationPortrait UIInterfaceOrientationPortraitUpsideDown UIInterfaceOrientationLandscapeLeft UIInterfaceOrientationLandscapeRight";
				INFOPLIST_KEY_UISupportedInterfaceOrientations_iPhone = "UIInterfaceOrientationPortrait UIInterfaceOrientationLandscapeLeft UIInterfaceOrientationLandscapeRight";
				LD_RUNPATH_SEARCH_PATHS = (
					"$(inherited)",
					"@executable_path/Frameworks",
				);
				MARKETING_VERSION = 1.0;
				PRODUCT_BUNDLE_IDENTIFIER = "net.dasankim.--week1-TableView";
				PRODUCT_NAME = "$(TARGET_NAME)";
				SWIFT_EMIT_LOC_STRINGS = YES;
				SWIFT_VERSION = 5.0;
				TARGETED_DEVICE_FAMILY = "1,2";
			};
			name = Debug;
		};
		ACC7EFB72A4FA5FB000EE4C1 /* Release */ = {
			isa = XCBuildConfiguration;
			buildSettings = {
				ASSETCATALOG_COMPILER_APPICON_NAME = AppIcon;
				ASSETCATALOG_COMPILER_GLOBAL_ACCENT_COLOR_NAME = AccentColor;
				CODE_SIGN_STYLE = Automatic;
				CURRENT_PROJECT_VERSION = 1;
				GENERATE_INFOPLIST_FILE = YES;
				INFOPLIST_FILE = 2_week1_TableView/Info.plist;
				INFOPLIST_KEY_UIApplicationSupportsIndirectInputEvents = YES;
				INFOPLIST_KEY_UILaunchStoryboardName = LaunchScreen;
				INFOPLIST_KEY_UIMainStoryboardFile = Main;
				INFOPLIST_KEY_UISupportedInterfaceOrientations_iPad = "UIInterfaceOrientationPortrait UIInterfaceOrientationPortraitUpsideDown UIInterfaceOrientationLandscapeLeft UIInterfaceOrientationLandscapeRight";
				INFOPLIST_KEY_UISupportedInterfaceOrientations_iPhone = "UIInterfaceOrientationPortrait UIInterfaceOrientationLandscapeLeft UIInterfaceOrientationLandscapeRight";
				LD_RUNPATH_SEARCH_PATHS = (
					"$(inherited)",
					"@executable_path/Frameworks",
				);
				MARKETING_VERSION = 1.0;
				PRODUCT_BUNDLE_IDENTIFIER = "net.dasankim.--week1-TableView";
				PRODUCT_NAME = "$(TARGET_NAME)";
				SWIFT_EMIT_LOC_STRINGS = YES;
				SWIFT_VERSION = 5.0;
				TARGETED_DEVICE_FAMILY = "1,2";
			};
			name = Release;
		};
/* End XCBuildConfiguration section */

/* Begin XCConfigurationList section */
		ACC7EF9C2A4FA5FB000EE4C1 /* Build configuration list for PBXProject "2_week1_TableView" */ = {
			isa = XCConfigurationList;
			buildConfigurations = (
				ACC7EFB32A4FA5FB000EE4C1 /* Debug */,
				ACC7EFB42A4FA5FB000EE4C1 /* Release */,
			);
			defaultConfigurationIsVisible = 0;
			defaultConfigurationName = Release;
		};
		ACC7EFB52A4FA5FB000EE4C1 /* Build configuration list for PBXNativeTarget "2_week1_TableView" */ = {
			isa = XCConfigurationList;
			buildConfigurations = (
				ACC7EFB62A4FA5FB000EE4C1 /* Debug */,
				ACC7EFB72A4FA5FB000EE4C1 /* Release */,
			);
			defaultConfigurationIsVisible = 0;
			defaultConfigurationName = Release;
		};
/* End XCConfigurationList section */
	};
	rootObject = ACC7EF992A4FA5FB000EE4C1 /* Project object */;
}
