// !$*UTF8*$!
{
	archiveVersion = 1;
	classes = {
	};
	objectVersion = 56;
	objects = {

/* Begin PBXBuildFile section */
		AC809E652A623A42001E0BDD /* Portable.swift in Sources */ = {isa = PBXBuildFile; fileRef = AC809E642A623A42001E0BDD /* Portable.swift */; };
		AC809E672A623A5F001E0BDD /* Bag.swift in Sources */ = {isa = PBXBuildFile; fileRef = AC809E662A623A5F001E0BDD /* Bag.swift */; };
		ACA822192A621CBF0091769C /* main.swift in Sources */ = {isa = PBXBuildFile; fileRef = ACA822182A621CBF0091769C /* main.swift */; };
		ACA822202A621CD10091769C /* Chargeable.swift in Sources */ = {isa = PBXBuildFile; fileRef = ACA8221F2A621CD10091769C /* Chargeable.swift */; };
		ACA822242A621E680091769C /* MacBook.swift in Sources */ = {isa = PBXBuildFile; fileRef = ACA822232A621E680091769C /* MacBook.swift */; };
		ACB03B142A6220130036360F /* Charger.swift in Sources */ = {isa = PBXBuildFile; fileRef = ACB03B132A6220130036360F /* Charger.swift */; };
/* End PBXBuildFile section */

/* Begin PBXCopyFilesBuildPhase section */
		ACA822132A621CBF0091769C /* CopyFiles */ = {
			isa = PBXCopyFilesBuildPhase;
			buildActionMask = 2147483647;
			dstPath = /usr/share/man/man1/;
			dstSubfolderSpec = 0;
			files = (
			);
			runOnlyForDeploymentPostprocessing = 1;
		};
/* End PBXCopyFilesBuildPhase section */

/* Begin PBXFileReference section */
		AC809E642A623A42001E0BDD /* Portable.swift */ = {isa = PBXFileReference; lastKnownFileType = sourcecode.swift; path = Portable.swift; sourceTree = "<group>"; };
		AC809E662A623A5F001E0BDD /* Bag.swift */ = {isa = PBXFileReference; lastKnownFileType = sourcecode.swift; path = Bag.swift; sourceTree = "<group>"; };
		ACA822152A621CBF0091769C /* 2_week3_POP */ = {isa = PBXFileReference; explicitFileType = "compiled.mach-o.executable"; includeInIndex = 0; path = 2_week3_POP; sourceTree = BUILT_PRODUCTS_DIR; };
		ACA822182A621CBF0091769C /* main.swift */ = {isa = PBXFileReference; lastKnownFileType = sourcecode.swift; path = main.swift; sourceTree = "<group>"; };
		ACA8221F2A621CD10091769C /* Chargeable.swift */ = {isa = PBXFileReference; lastKnownFileType = sourcecode.swift; path = Chargeable.swift; sourceTree = "<group>"; };
		ACA822232A621E680091769C /* MacBook.swift */ = {isa = PBXFileReference; lastKnownFileType = sourcecode.swift; path = MacBook.swift; sourceTree = "<group>"; };
		ACB03B132A6220130036360F /* Charger.swift */ = {isa = PBXFileReference; lastKnownFileType = sourcecode.swift; path = Charger.swift; sourceTree = "<group>"; };
/* End PBXFileReference section */

/* Begin PBXFrameworksBuildPhase section */
		ACA822122A621CBF0091769C /* Frameworks */ = {
			isa = PBXFrameworksBuildPhase;
			buildActionMask = 2147483647;
			files = (
			);
			runOnlyForDeploymentPostprocessing = 0;
		};
/* End PBXFrameworksBuildPhase section */

/* Begin PBXGroup section */
		AC809E682A623A80001E0BDD /* Protocol */ = {
			isa = PBXGroup;
			children = (
				ACA8221F2A621CD10091769C /* Chargeable.swift */,
				AC809E642A623A42001E0BDD /* Portable.swift */,
			);
			path = Protocol;
			sourceTree = "<group>";
		};
		ACA8220C2A621CBF0091769C = {
			isa = PBXGroup;
			children = (
				ACA822172A621CBF0091769C /* 2_week3_POP */,
				ACA822162A621CBF0091769C /* Products */,
			);
			sourceTree = "<group>";
		};
		ACA822162A621CBF0091769C /* Products */ = {
			isa = PBXGroup;
			children = (
				ACA822152A621CBF0091769C /* 2_week3_POP */,
			);
			name = Products;
			sourceTree = "<group>";
		};
		ACA822172A621CBF0091769C /* 2_week3_POP */ = {
			isa = PBXGroup;
			children = (
				AC809E682A623A80001E0BDD /* Protocol */,
				ACB03B132A6220130036360F /* Charger.swift */,
				ACA822232A621E680091769C /* MacBook.swift */,
				AC809E662A623A5F001E0BDD /* Bag.swift */,
				ACA822182A621CBF0091769C /* main.swift */,
			);
			path = 2_week3_POP;
			sourceTree = "<group>";
		};
/* End PBXGroup section */

/* Begin PBXNativeTarget section */
		ACA822142A621CBF0091769C /* 2_week3_POP */ = {
			isa = PBXNativeTarget;
			buildConfigurationList = ACA8221C2A621CBF0091769C /* Build configuration list for PBXNativeTarget "2_week3_POP" */;
			buildPhases = (
				ACA822112A621CBF0091769C /* Sources */,
				ACA822122A621CBF0091769C /* Frameworks */,
				ACA822132A621CBF0091769C /* CopyFiles */,
			);
			buildRules = (
			);
			dependencies = (
			);
			name = 2_week3_POP;
			productName = 2_week3_POP;
			productReference = ACA822152A621CBF0091769C /* 2_week3_POP */;
			productType = "com.apple.product-type.tool";
		};
/* End PBXNativeTarget section */

/* Begin PBXProject section */
		ACA8220D2A621CBF0091769C /* Project object */ = {
			isa = PBXProject;
			attributes = {
				BuildIndependentTargetsInParallel = 1;
				LastSwiftUpdateCheck = 1430;
				LastUpgradeCheck = 1430;
				TargetAttributes = {
					ACA822142A621CBF0091769C = {
						CreatedOnToolsVersion = 14.3.1;
					};
				};
			};
			buildConfigurationList = ACA822102A621CBF0091769C /* Build configuration list for PBXProject "2_week3_POP" */;
			compatibilityVersion = "Xcode 14.0";
			developmentRegion = en;
			hasScannedForEncodings = 0;
			knownRegions = (
				en,
				Base,
			);
			mainGroup = ACA8220C2A621CBF0091769C;
			productRefGroup = ACA822162A621CBF0091769C /* Products */;
			projectDirPath = "";
			projectRoot = "";
			targets = (
				ACA822142A621CBF0091769C /* 2_week3_POP */,
			);
		};
/* End PBXProject section */

/* Begin PBXSourcesBuildPhase section */
		ACA822112A621CBF0091769C /* Sources */ = {
			isa = PBXSourcesBuildPhase;
			buildActionMask = 2147483647;
			files = (
				AC809E652A623A42001E0BDD /* Portable.swift in Sources */,
				AC809E672A623A5F001E0BDD /* Bag.swift in Sources */,
				ACA822192A621CBF0091769C /* main.swift in Sources */,
				ACB03B142A6220130036360F /* Charger.swift in Sources */,
				ACA822242A621E680091769C /* MacBook.swift in Sources */,
				ACA822202A621CD10091769C /* Chargeable.swift in Sources */,
			);
			runOnlyForDeploymentPostprocessing = 0;
		};
/* End PBXSourcesBuildPhase section */

/* Begin XCBuildConfiguration section */
		ACA8221A2A621CBF0091769C /* Debug */ = {
			isa = XCBuildConfiguration;
			buildSettings = {
				ALWAYS_SEARCH_USER_PATHS = NO;
				CLANG_ANALYZER_NONNULL = YES;
				CLANG_ANALYZER_NUMBER_OBJECT_CONVERSION = YES_AGGRESSIVE;
				CLANG_CXX_LANGUAGE_STANDARD = "gnu++20";
				CLANG_ENABLE_MODULES = YES;
				CLANG_ENABLE_OBJC_ARC = YES;
				CLANG_ENABLE_OBJC_WEAK = YES;
				CLANG_WARN_BLOCK_CAPTURE_AUTORELEASING = YES;
				CLANG_WARN_BOOL_CONVERSION = YES;
				CLANG_WARN_COMMA = YES;
				CLANG_WARN_CONSTANT_CONVERSION = YES;
				CLANG_WARN_DEPRECATED_OBJC_IMPLEMENTATIONS = YES;
				CLANG_WARN_DIRECT_OBJC_ISA_USAGE = YES_ERROR;
				CLANG_WARN_DOCUMENTATION_COMMENTS = YES;
				CLANG_WARN_EMPTY_BODY = YES;
				CLANG_WARN_ENUM_CONVERSION = YES;
				CLANG_WARN_INFINITE_RECURSION = YES;
				CLANG_WARN_INT_CONVERSION = YES;
				CLANG_WARN_NON_LITERAL_NULL_CONVERSION = YES;
				CLANG_WARN_OBJC_IMPLICIT_RETAIN_SELF = YES;
				CLANG_WARN_OBJC_LITERAL_CONVERSION = YES;
				CLANG_WARN_OBJC_ROOT_CLASS = YES_ERROR;
				CLANG_WARN_QUOTED_INCLUDE_IN_FRAMEWORK_HEADER = YES;
				CLANG_WARN_RANGE_LOOP_ANALYSIS = YES;
				CLANG_WARN_STRICT_PROTOTYPES = YES;
				CLANG_WARN_SUSPICIOUS_MOVE = YES;
				CLANG_WARN_UNGUARDED_AVAILABILITY = YES_AGGRESSIVE;
				CLANG_WARN_UNREACHABLE_CODE = YES;
				CLANG_WARN__DUPLICATE_METHOD_MATCH = YES;
				COPY_PHASE_STRIP = NO;
				DEBUG_INFORMATION_FORMAT = dwarf;
				ENABLE_STRICT_OBJC_MSGSEND = YES;
				ENABLE_TESTABILITY = YES;
				GCC_C_LANGUAGE_STANDARD = gnu11;
				GCC_DYNAMIC_NO_PIC = NO;
				GCC_NO_COMMON_BLOCKS = YES;
				GCC_OPTIMIZATION_LEVEL = 0;
				GCC_PREPROCESSOR_DEFINITIONS = (
					"DEBUG=1",
					"$(inherited)",
				);
				GCC_WARN_64_TO_32_BIT_CONVERSION = YES;
				GCC_WARN_ABOUT_RETURN_TYPE = YES_ERROR;
				GCC_WARN_UNDECLARED_SELECTOR = YES;
				GCC_WARN_UNINITIALIZED_AUTOS = YES_AGGRESSIVE;
				GCC_WARN_UNUSED_FUNCTION = YES;
				GCC_WARN_UNUSED_VARIABLE = YES;
				MACOSX_DEPLOYMENT_TARGET = 13.3;
				MTL_ENABLE_DEBUG_INFO = INCLUDE_SOURCE;
				MTL_FAST_MATH = YES;
				ONLY_ACTIVE_ARCH = YES;
				SDKROOT = macosx;
				SWIFT_ACTIVE_COMPILATION_CONDITIONS = DEBUG;
				SWIFT_OPTIMIZATION_LEVEL = "-Onone";
			};
			name = Debug;
		};
		ACA8221B2A621CBF0091769C /* Release */ = {
			isa = XCBuildConfiguration;
			buildSettings = {
				ALWAYS_SEARCH_USER_PATHS = NO;
				CLANG_ANALYZER_NONNULL = YES;
				CLANG_ANALYZER_NUMBER_OBJECT_CONVERSION = YES_AGGRESSIVE;
				CLANG_CXX_LANGUAGE_STANDARD = "gnu++20";
				CLANG_ENABLE_MODULES = YES;
				CLANG_ENABLE_OBJC_ARC = YES;
				CLANG_ENABLE_OBJC_WEAK = YES;
				CLANG_WARN_BLOCK_CAPTURE_AUTORELEASING = YES;
				CLANG_WARN_BOOL_CONVERSION = YES;
				CLANG_WARN_COMMA = YES;
				CLANG_WARN_CONSTANT_CONVERSION = YES;
				CLANG_WARN_DEPRECATED_OBJC_IMPLEMENTATIONS = YES;
				CLANG_WARN_DIRECT_OBJC_ISA_USAGE = YES_ERROR;
				CLANG_WARN_DOCUMENTATION_COMMENTS = YES;
				CLANG_WARN_EMPTY_BODY = YES;
				CLANG_WARN_ENUM_CONVERSION = YES;
				CLANG_WARN_INFINITE_RECURSION = YES;
				CLANG_WARN_INT_CONVERSION = YES;
				CLANG_WARN_NON_LITERAL_NULL_CONVERSION = YES;
				CLANG_WARN_OBJC_IMPLICIT_RETAIN_SELF = YES;
				CLANG_WARN_OBJC_LITERAL_CONVERSION = YES;
				CLANG_WARN_OBJC_ROOT_CLASS = YES_ERROR;
				CLANG_WARN_QUOTED_INCLUDE_IN_FRAMEWORK_HEADER = YES;
				CLANG_WARN_RANGE_LOOP_ANALYSIS = YES;
				CLANG_WARN_STRICT_PROTOTYPES = YES;
				CLANG_WARN_SUSPICIOUS_MOVE = YES;
				CLANG_WARN_UNGUARDED_AVAILABILITY = YES_AGGRESSIVE;
				CLANG_WARN_UNREACHABLE_CODE = YES;
				CLANG_WARN__DUPLICATE_METHOD_MATCH = YES;
				COPY_PHASE_STRIP = NO;
				DEBUG_INFORMATION_FORMAT = "dwarf-with-dsym";
				ENABLE_NS_ASSERTIONS = NO;
				ENABLE_STRICT_OBJC_MSGSEND = YES;
				GCC_C_LANGUAGE_STANDARD = gnu11;
				GCC_NO_COMMON_BLOCKS = YES;
				GCC_WARN_64_TO_32_BIT_CONVERSION = YES;
				GCC_WARN_ABOUT_RETURN_TYPE = YES_ERROR;
				GCC_WARN_UNDECLARED_SELECTOR = YES;
				GCC_WARN_UNINITIALIZED_AUTOS = YES_AGGRESSIVE;
				GCC_WARN_UNUSED_FUNCTION = YES;
				GCC_WARN_UNUSED_VARIABLE = YES;
				MACOSX_DEPLOYMENT_TARGET = 13.3;
				MTL_ENABLE_DEBUG_INFO = NO;
				MTL_FAST_MATH = YES;
				SDKROOT = macosx;
				SWIFT_COMPILATION_MODE = wholemodule;
				SWIFT_OPTIMIZATION_LEVEL = "-O";
			};
			name = Release;
		};
		ACA8221D2A621CBF0091769C /* Debug */ = {
			isa = XCBuildConfiguration;
			buildSettings = {
				CODE_SIGN_STYLE = Automatic;
				PRODUCT_NAME = "$(TARGET_NAME)";
				SWIFT_VERSION = 5.0;
			};
			name = Debug;
		};
		ACA8221E2A621CBF0091769C /* Release */ = {
			isa = XCBuildConfiguration;
			buildSettings = {
				CODE_SIGN_STYLE = Automatic;
				PRODUCT_NAME = "$(TARGET_NAME)";
				SWIFT_VERSION = 5.0;
			};
			name = Release;
		};
/* End XCBuildConfiguration section */

/* Begin XCConfigurationList section */
		ACA822102A621CBF0091769C /* Build configuration list for PBXProject "2_week3_POP" */ = {
			isa = XCConfigurationList;
			buildConfigurations = (
				ACA8221A2A621CBF0091769C /* Debug */,
				ACA8221B2A621CBF0091769C /* Release */,
			);
			defaultConfigurationIsVisible = 0;
			defaultConfigurationName = Release;
		};
		ACA8221C2A621CBF0091769C /* Build configuration list for PBXNativeTarget "2_week3_POP" */ = {
			isa = XCConfigurationList;
			buildConfigurations = (
				ACA8221D2A621CBF0091769C /* Debug */,
				ACA8221E2A621CBF0091769C /* Release */,
			);
			defaultConfigurationIsVisible = 0;
			defaultConfigurationName = Release;
		};
/* End XCConfigurationList section */
	};
	rootObject = ACA8220D2A621CBF0091769C /* Project object */;
}
