// !$*UTF8*$!
{
	archiveVersion = 1;
	classes = {
	};
	objectVersion = 56;
	objects = {

/* Begin PBXBuildFile section */
		289CF7EA2ABE649A00A570EC /* AppDelegate.swift in Sources */ = {isa = PBXBuildFile; fileRef = 289CF7E92ABE649A00A570EC /* AppDelegate.swift */; };
		289CF7EC2ABE649A00A570EC /* SceneDelegate.swift in Sources */ = {isa = PBXBuildFile; fileRef = 289CF7EB2ABE649A00A570EC /* SceneDelegate.swift */; };
		289CF7EE2ABE649A00A570EC /* ViewController.swift in Sources */ = {isa = PBXBuildFile; fileRef = 289CF7ED2ABE649A00A570EC /* ViewController.swift */; };
		289CF7F12ABE649A00A570EC /* Main.storyboard in Resources */ = {isa = PBXBuildFile; fileRef = 289CF7EF2ABE649A00A570EC /* Main.storyboard */; };
		289CF7F32ABE649B00A570EC /* Assets.xcassets in Resources */ = {isa = PBXBuildFile; fileRef = 289CF7F22ABE649B00A570EC /* Assets.xcassets */; };
		289CF7F62ABE649B00A570EC /* LaunchScreen.storyboard in Resources */ = {isa = PBXBuildFile; fileRef = 289CF7F42ABE649B00A570EC /* LaunchScreen.storyboard */; };
		289CF7FF2ABE6B7700A570EC /* KakaoSDKUser in Frameworks */ = {isa = PBXBuildFile; productRef = 289CF7FE2ABE6B7700A570EC /* KakaoSDKUser */; };
		289CF8032ABE6D0F00A570EC /* Bundle+.swift in Sources */ = {isa = PBXBuildFile; fileRef = 289CF8022ABE6D0F00A570EC /* Bundle+.swift */; };
/* End PBXBuildFile section */

/* Begin PBXFileReference section */
		289CF7E62ABE649A00A570EC /* OAuthStudy.app */ = {isa = PBXFileReference; explicitFileType = wrapper.application; includeInIndex = 0; path = OAuthStudy.app; sourceTree = BUILT_PRODUCTS_DIR; };
		289CF7E92ABE649A00A570EC /* AppDelegate.swift */ = {isa = PBXFileReference; lastKnownFileType = sourcecode.swift; path = AppDelegate.swift; sourceTree = "<group>"; };
		289CF7EB2ABE649A00A570EC /* SceneDelegate.swift */ = {isa = PBXFileReference; lastKnownFileType = sourcecode.swift; path = SceneDelegate.swift; sourceTree = "<group>"; };
		289CF7ED2ABE649A00A570EC /* ViewController.swift */ = {isa = PBXFileReference; lastKnownFileType = sourcecode.swift; path = ViewController.swift; sourceTree = "<group>"; };
		289CF7F02ABE649A00A570EC /* Base */ = {isa = PBXFileReference; lastKnownFileType = file.storyboard; name = Base; path = Base.lproj/Main.storyboard; sourceTree = "<group>"; };
		289CF7F22ABE649B00A570EC /* Assets.xcassets */ = {isa = PBXFileReference; lastKnownFileType = folder.assetcatalog; path = Assets.xcassets; sourceTree = "<group>"; };
		289CF7F52ABE649B00A570EC /* Base */ = {isa = PBXFileReference; lastKnownFileType = file.storyboard; name = Base; path = Base.lproj/LaunchScreen.storyboard; sourceTree = "<group>"; };
		289CF7F72ABE649B00A570EC /* Info.plist */ = {isa = PBXFileReference; lastKnownFileType = text.plist.xml; path = Info.plist; sourceTree = "<group>"; };
		289CF8022ABE6D0F00A570EC /* Bundle+.swift */ = {isa = PBXFileReference; lastKnownFileType = sourcecode.swift; path = "Bundle+.swift"; sourceTree = "<group>"; };
		289CF8042ABE9F1800A570EC /* APIKey.xcconfig */ = {isa = PBXFileReference; lastKnownFileType = text.xcconfig; path = APIKey.xcconfig; sourceTree = "<group>"; };
/* End PBXFileReference section */

/* Begin PBXFrameworksBuildPhase section */
		289CF7E32ABE649A00A570EC /* Frameworks */ = {
			isa = PBXFrameworksBuildPhase;
			buildActionMask = 2147483647;
			files = (
				289CF7FF2ABE6B7700A570EC /* KakaoSDKUser in Frameworks */,
			);
			runOnlyForDeploymentPostprocessing = 0;
		};
/* End PBXFrameworksBuildPhase section */

/* Begin PBXGroup section */
		289CF7DD2ABE649A00A570EC = {
			isa = PBXGroup;
			children = (
				289CF7E82ABE649A00A570EC /* OAuthStudy */,
				289CF7E72ABE649A00A570EC /* Products */,
			);
			sourceTree = "<group>";
		};
		289CF7E72ABE649A00A570EC /* Products */ = {
			isa = PBXGroup;
			children = (
				289CF7E62ABE649A00A570EC /* OAuthStudy.app */,
			);
			name = Products;
			sourceTree = "<group>";
		};
		289CF7E82ABE649A00A570EC /* OAuthStudy */ = {
			isa = PBXGroup;
			children = (
				289CF7E92ABE649A00A570EC /* AppDelegate.swift */,
				289CF7EB2ABE649A00A570EC /* SceneDelegate.swift */,
				289CF7ED2ABE649A00A570EC /* ViewController.swift */,
				289CF8022ABE6D0F00A570EC /* Bundle+.swift */,
				289CF7EF2ABE649A00A570EC /* Main.storyboard */,
				289CF7F22ABE649B00A570EC /* Assets.xcassets */,
				289CF7F42ABE649B00A570EC /* LaunchScreen.storyboard */,
				289CF7F72ABE649B00A570EC /* Info.plist */,
				289CF8042ABE9F1800A570EC /* APIKey.xcconfig */,
			);
			path = OAuthStudy;
			sourceTree = "<group>";
		};
/* End PBXGroup section */

/* Begin PBXNativeTarget section */
		289CF7E52ABE649A00A570EC /* OAuthStudy */ = {
			isa = PBXNativeTarget;
			buildConfigurationList = 289CF7FA2ABE649B00A570EC /* Build configuration list for PBXNativeTarget "OAuthStudy" */;
			buildPhases = (
				289CF7E22ABE649A00A570EC /* Sources */,
				289CF7E32ABE649A00A570EC /* Frameworks */,
				289CF7E42ABE649A00A570EC /* Resources */,
			);
			buildRules = (
			);
			dependencies = (
			);
			name = OAuthStudy;
			packageProductDependencies = (
				289CF7FE2ABE6B7700A570EC /* KakaoSDKUser */,
			);
			productName = OAuthStudy;
			productReference = 289CF7E62ABE649A00A570EC /* OAuthStudy.app */;
			productType = "com.apple.product-type.application";
		};
/* End PBXNativeTarget section */

/* Begin PBXProject section */
		289CF7DE2ABE649A00A570EC /* Project object */ = {
			isa = PBXProject;
			attributes = {
				BuildIndependentTargetsInParallel = 1;
				LastSwiftUpdateCheck = 1430;
				LastUpgradeCheck = 1430;
				TargetAttributes = {
					289CF7E52ABE649A00A570EC = {
						CreatedOnToolsVersion = 14.3.1;
					};
				};
			};
			buildConfigurationList = 289CF7E12ABE649A00A570EC /* Build configuration list for PBXProject "OAuthStudy" */;
			compatibilityVersion = "Xcode 14.0";
			developmentRegion = en;
			hasScannedForEncodings = 0;
			knownRegions = (
				en,
				Base,
			);
			mainGroup = 289CF7DD2ABE649A00A570EC;
			packageReferences = (
				289CF7FD2ABE6B7700A570EC /* XCRemoteSwiftPackageReference "kakao-ios-sdk" */,
			);
			productRefGroup = 289CF7E72ABE649A00A570EC /* Products */;
			projectDirPath = "";
			projectRoot = "";
			targets = (
				289CF7E52ABE649A00A570EC /* OAuthStudy */,
			);
		};
/* End PBXProject section */

/* Begin PBXResourcesBuildPhase section */
		289CF7E42ABE649A00A570EC /* Resources */ = {
			isa = PBXResourcesBuildPhase;
			buildActionMask = 2147483647;
			files = (
				289CF7F62ABE649B00A570EC /* LaunchScreen.storyboard in Resources */,
				289CF7F32ABE649B00A570EC /* Assets.xcassets in Resources */,
				289CF7F12ABE649A00A570EC /* Main.storyboard in Resources */,
			);
			runOnlyForDeploymentPostprocessing = 0;
		};
/* End PBXResourcesBuildPhase section */

/* Begin PBXSourcesBuildPhase section */
		289CF7E22ABE649A00A570EC /* Sources */ = {
			isa = PBXSourcesBuildPhase;
			buildActionMask = 2147483647;
			files = (
				289CF7EE2ABE649A00A570EC /* ViewController.swift in Sources */,
				289CF8032ABE6D0F00A570EC /* Bundle+.swift in Sources */,
				289CF7EA2ABE649A00A570EC /* AppDelegate.swift in Sources */,
				289CF7EC2ABE649A00A570EC /* SceneDelegate.swift in Sources */,
			);
			runOnlyForDeploymentPostprocessing = 0;
		};
/* End PBXSourcesBuildPhase section */

/* Begin PBXVariantGroup section */
		289CF7EF2ABE649A00A570EC /* Main.storyboard */ = {
			isa = PBXVariantGroup;
			children = (
				289CF7F02ABE649A00A570EC /* Base */,
			);
			name = Main.storyboard;
			sourceTree = "<group>";
		};
		289CF7F42ABE649B00A570EC /* LaunchScreen.storyboard */ = {
			isa = PBXVariantGroup;
			children = (
				289CF7F52ABE649B00A570EC /* Base */,
			);
			name = LaunchScreen.storyboard;
			sourceTree = "<group>";
		};
/* End PBXVariantGroup section */

/* Begin XCBuildConfiguration section */
		289CF7F82ABE649B00A570EC /* Debug */ = {
			isa = XCBuildConfiguration;
			buildSettings = {
				ALWAYS_SEARCH_USER_PATHS = NO;
				CLANG_ANALYZER_NONNULL = YES;
				CLANG_ANALYZER_NUMBER_OBJECT_CONVERSION = YES_AGGRESSIVE;
				CLANG_CXX_LANGUAGE_STANDARD = "gnu++20";
				CLANG_ENABLE_MODULES = YES;
				CLANG_ENABLE_OBJC_ARC = YES;
				CLANG_ENABLE_OBJC_WEAK = YES;
				CLANG_WARN_BLOCK_CAPTURE_AUTORELEASING = YES;
				CLANG_WARN_BOOL_CONVERSION = YES;
				CLANG_WARN_COMMA = YES;
				CLANG_WARN_CONSTANT_CONVERSION = YES;
				CLANG_WARN_DEPRECATED_OBJC_IMPLEMENTATIONS = YES;
				CLANG_WARN_DIRECT_OBJC_ISA_USAGE = YES_ERROR;
				CLANG_WARN_DOCUMENTATION_COMMENTS = YES;
				CLANG_WARN_EMPTY_BODY = YES;
				CLANG_WARN_ENUM_CONVERSION = YES;
				CLANG_WARN_INFINITE_RECURSION = YES;
				CLANG_WARN_INT_CONVERSION = YES;
				CLANG_WARN_NON_LITERAL_NULL_CONVERSION = YES;
				CLANG_WARN_OBJC_IMPLICIT_RETAIN_SELF = YES;
				CLANG_WARN_OBJC_LITERAL_CONVERSION = YES;
				CLANG_WARN_OBJC_ROOT_CLASS = YES_ERROR;
				CLANG_WARN_QUOTED_INCLUDE_IN_FRAMEWORK_HEADER = YES;
				CLANG_WARN_RANGE_LOOP_ANALYSIS = YES;
				CLANG_WARN_STRICT_PROTOTYPES = YES;
				CLANG_WARN_SUSPICIOUS_MOVE = YES;
				CLANG_WARN_UNGUARDED_AVAILABILITY = YES_AGGRESSIVE;
				CLANG_WARN_UNREACHABLE_CODE = YES;
				CLANG_WARN__DUPLICATE_METHOD_MATCH = YES;
				COPY_PHASE_STRIP = NO;
				DEBUG_INFORMATION_FORMAT = dwarf;
				ENABLE_STRICT_OBJC_MSGSEND = YES;
				ENABLE_TESTABILITY = YES;
				GCC_C_LANGUAGE_STANDARD = gnu11;
				GCC_DYNAMIC_NO_PIC = NO;
				GCC_NO_COMMON_BLOCKS = YES;
				GCC_OPTIMIZATION_LEVEL = 0;
				GCC_PREPROCESSOR_DEFINITIONS = (
					"DEBUG=1",
					"$(inherited)",
				);
				GCC_WARN_64_TO_32_BIT_CONVERSION = YES;
				GCC_WARN_ABOUT_RETURN_TYPE = YES_ERROR;
				GCC_WARN_UNDECLARED_SELECTOR = YES;
				GCC_WARN_UNINITIALIZED_AUTOS = YES_AGGRESSIVE;
				GCC_WARN_UNUSED_FUNCTION = YES;
				GCC_WARN_UNUSED_VARIABLE = YES;
				IPHONEOS_DEPLOYMENT_TARGET = 16.4;
				MTL_ENABLE_DEBUG_INFO = INCLUDE_SOURCE;
				MTL_FAST_MATH = YES;
				ONLY_ACTIVE_ARCH = YES;
				SDKROOT = iphoneos;
				SWIFT_ACTIVE_COMPILATION_CONDITIONS = DEBUG;
				SWIFT_OPTIMIZATION_LEVEL = "-Onone";
			};
			name = Debug;
		};
		289CF7F92ABE649B00A570EC /* Release */ = {
			isa = XCBuildConfiguration;
			buildSettings = {
				ALWAYS_SEARCH_USER_PATHS = NO;
				CLANG_ANALYZER_NONNULL = YES;
				CLANG_ANALYZER_NUMBER_OBJECT_CONVERSION = YES_AGGRESSIVE;
				CLANG_CXX_LANGUAGE_STANDARD = "gnu++20";
				CLANG_ENABLE_MODULES = YES;
				CLANG_ENABLE_OBJC_ARC = YES;
				CLANG_ENABLE_OBJC_WEAK = YES;
				CLANG_WARN_BLOCK_CAPTURE_AUTORELEASING = YES;
				CLANG_WARN_BOOL_CONVERSION = YES;
				CLANG_WARN_COMMA = YES;
				CLANG_WARN_CONSTANT_CONVERSION = YES;
				CLANG_WARN_DEPRECATED_OBJC_IMPLEMENTATIONS = YES;
				CLANG_WARN_DIRECT_OBJC_ISA_USAGE = YES_ERROR;
				CLANG_WARN_DOCUMENTATION_COMMENTS = YES;
				CLANG_WARN_EMPTY_BODY = YES;
				CLANG_WARN_ENUM_CONVERSION = YES;
				CLANG_WARN_INFINITE_RECURSION = YES;
				CLANG_WARN_INT_CONVERSION = YES;
				CLANG_WARN_NON_LITERAL_NULL_CONVERSION = YES;
				CLANG_WARN_OBJC_IMPLICIT_RETAIN_SELF = YES;
				CLANG_WARN_OBJC_LITERAL_CONVERSION = YES;
				CLANG_WARN_OBJC_ROOT_CLASS = YES_ERROR;
				CLANG_WARN_QUOTED_INCLUDE_IN_FRAMEWORK_HEADER = YES;
				CLANG_WARN_RANGE_LOOP_ANALYSIS = YES;
				CLANG_WARN_STRICT_PROTOTYPES = YES;
				CLANG_WARN_SUSPICIOUS_MOVE = YES;
				CLANG_WARN_UNGUARDED_AVAILABILITY = YES_AGGRESSIVE;
				CLANG_WARN_UNREACHABLE_CODE = YES;
				CLANG_WARN__DUPLICATE_METHOD_MATCH = YES;
				COPY_PHASE_STRIP = NO;
				DEBUG_INFORMATION_FORMAT = "dwarf-with-dsym";
				ENABLE_NS_ASSERTIONS = NO;
				ENABLE_STRICT_OBJC_MSGSEND = YES;
				GCC_C_LANGUAGE_STANDARD = gnu11;
				GCC_NO_COMMON_BLOCKS = YES;
				GCC_WARN_64_TO_32_BIT_CONVERSION = YES;
				GCC_WARN_ABOUT_RETURN_TYPE = YES_ERROR;
				GCC_WARN_UNDECLARED_SELECTOR = YES;
				GCC_WARN_UNINITIALIZED_AUTOS = YES_AGGRESSIVE;
				GCC_WARN_UNUSED_FUNCTION = YES;
				GCC_WARN_UNUSED_VARIABLE = YES;
				IPHONEOS_DEPLOYMENT_TARGET = 16.4;
				MTL_ENABLE_DEBUG_INFO = NO;
				MTL_FAST_MATH = YES;
				SDKROOT = iphoneos;
				SWIFT_COMPILATION_MODE = wholemodule;
				SWIFT_OPTIMIZATION_LEVEL = "-O";
				VALIDATE_PRODUCT = YES;
			};
			name = Release;
		};
		289CF7FB2ABE649B00A570EC /* Debug */ = {
			isa = XCBuildConfiguration;
			baseConfigurationReference = 289CF8042ABE9F1800A570EC /* APIKey.xcconfig */;
			buildSettings = {
				ASSETCATALOG_COMPILER_APPICON_NAME = AppIcon;
				ASSETCATALOG_COMPILER_GLOBAL_ACCENT_COLOR_NAME = AccentColor;
				CODE_SIGN_STYLE = Automatic;
				CURRENT_PROJECT_VERSION = 1;
				DEVELOPMENT_TEAM = SXJPM9PRM7;
				GENERATE_INFOPLIST_FILE = YES;
				INFOPLIST_FILE = OAuthStudy/Info.plist;
				INFOPLIST_KEY_UIApplicationSupportsIndirectInputEvents = YES;
				INFOPLIST_KEY_UILaunchStoryboardName = LaunchScreen;
				INFOPLIST_KEY_UIMainStoryboardFile = Main;
				INFOPLIST_KEY_UISupportedInterfaceOrientations_iPad = "UIInterfaceOrientationPortrait UIInterfaceOrientationPortraitUpsideDown UIInterfaceOrientationLandscapeLeft UIInterfaceOrientationLandscapeRight";
				INFOPLIST_KEY_UISupportedInterfaceOrientations_iPhone = "UIInterfaceOrientationPortrait UIInterfaceOrientationLandscapeLeft UIInterfaceOrientationLandscapeRight";
				LD_RUNPATH_SEARCH_PATHS = (
					"$(inherited)",
					"@executable_path/Frameworks",
				);
				MARKETING_VERSION = 1.0;
				PRODUCT_BUNDLE_IDENTIFIER = EtialMoon.OAuthStudy;
				PRODUCT_NAME = "$(TARGET_NAME)";
				SUPPORTED_PLATFORMS = "iphoneos iphonesimulator";
				SUPPORTS_MACCATALYST = NO;
				SUPPORTS_MAC_DESIGNED_FOR_IPHONE_IPAD = NO;
				SWIFT_EMIT_LOC_STRINGS = YES;
				SWIFT_VERSION = 5.0;
				TARGETED_DEVICE_FAMILY = "1,2";
			};
			name = Debug;
		};
		289CF7FC2ABE649B00A570EC /* Release */ = {
			isa = XCBuildConfiguration;
			baseConfigurationReference = 289CF8042ABE9F1800A570EC /* APIKey.xcconfig */;
			buildSettings = {
				ASSETCATALOG_COMPILER_APPICON_NAME = AppIcon;
				ASSETCATALOG_COMPILER_GLOBAL_ACCENT_COLOR_NAME = AccentColor;
				CODE_SIGN_STYLE = Automatic;
				CURRENT_PROJECT_VERSION = 1;
				DEVELOPMENT_TEAM = SXJPM9PRM7;
				GENERATE_INFOPLIST_FILE = YES;
				INFOPLIST_FILE = OAuthStudy/Info.plist;
				INFOPLIST_KEY_UIApplicationSupportsIndirectInputEvents = YES;
				INFOPLIST_KEY_UILaunchStoryboardName = LaunchScreen;
				INFOPLIST_KEY_UIMainStoryboardFile = Main;
				INFOPLIST_KEY_UISupportedInterfaceOrientations_iPad = "UIInterfaceOrientationPortrait UIInterfaceOrientationPortraitUpsideDown UIInterfaceOrientationLandscapeLeft UIInterfaceOrientationLandscapeRight";
				INFOPLIST_KEY_UISupportedInterfaceOrientations_iPhone = "UIInterfaceOrientationPortrait UIInterfaceOrientationLandscapeLeft UIInterfaceOrientationLandscapeRight";
				LD_RUNPATH_SEARCH_PATHS = (
					"$(inherited)",
					"@executable_path/Frameworks",
				);
				MARKETING_VERSION = 1.0;
				PRODUCT_BUNDLE_IDENTIFIER = EtialMoon.OAuthStudy;
				PRODUCT_NAME = "$(TARGET_NAME)";
				SUPPORTED_PLATFORMS = "iphoneos iphonesimulator";
				SUPPORTS_MACCATALYST = NO;
				SUPPORTS_MAC_DESIGNED_FOR_IPHONE_IPAD = NO;
				SWIFT_EMIT_LOC_STRINGS = YES;
				SWIFT_VERSION = 5.0;
				TARGETED_DEVICE_FAMILY = "1,2";
			};
			name = Release;
		};
/* End XCBuildConfiguration section */

/* Begin XCConfigurationList section */
		289CF7E12ABE649A00A570EC /* Build configuration list for PBXProject "OAuthStudy" */ = {
			isa = XCConfigurationList;
			buildConfigurations = (
				289CF7F82ABE649B00A570EC /* Debug */,
				289CF7F92ABE649B00A570EC /* Release */,
			);
			defaultConfigurationIsVisible = 0;
			defaultConfigurationName = Release;
		};
		289CF7FA2ABE649B00A570EC /* Build configuration list for PBXNativeTarget "OAuthStudy" */ = {
			isa = XCConfigurationList;
			buildConfigurations = (
				289CF7FB2ABE649B00A570EC /* Debug */,
				289CF7FC2ABE649B00A570EC /* Release */,
			);
			defaultConfigurationIsVisible = 0;
			defaultConfigurationName = Release;
		};
/* End XCConfigurationList section */

/* Begin XCRemoteSwiftPackageReference section */
		289CF7FD2ABE6B7700A570EC /* XCRemoteSwiftPackageReference "kakao-ios-sdk" */ = {
			isa = XCRemoteSwiftPackageReference;
			repositoryURL = "https://github.com/kakao/kakao-ios-sdk";
			requirement = {
				branch = master;
				kind = branch;
			};
		};
/* End XCRemoteSwiftPackageReference section */

/* Begin XCSwiftPackageProductDependency section */
		289CF7FE2ABE6B7700A570EC /* KakaoSDKUser */ = {
			isa = XCSwiftPackageProductDependency;
			package = 289CF7FD2ABE6B7700A570EC /* XCRemoteSwiftPackageReference "kakao-ios-sdk" */;
			productName = KakaoSDKUser;
		};
/* End XCSwiftPackageProductDependency section */
	};
	rootObject = 289CF7DE2ABE649A00A570EC /* Project object */;
}
