// !$*UTF8*$!
{
	archiveVersion = 1;
	classes = {
	};
	objectVersion = 56;
	objects = {

/* Begin PBXBuildFile section */
		286F2F642A20C3AF0047304B /* main.swift in Sources */ = {isa = PBXBuildFile; fileRef = 286F2F632A20C3AF0047304B /* main.swift */; };
		286F2F6B2A20C43F0047304B /* Person.swift in Sources */ = {isa = PBXBuildFile; fileRef = 286F2F6A2A20C43F0047304B /* Person.swift */; };
		286F2F6D2A20C4A90047304B /* Coffee.swift in Sources */ = {isa = PBXBuildFile; fileRef = 286F2F6C2A20C4A90047304B /* Coffee.swift */; };
		286F2F6F2A20C4E70047304B /* CoffeeMenu.swift in Sources */ = {isa = PBXBuildFile; fileRef = 286F2F6E2A20C4E70047304B /* CoffeeMenu.swift */; };
		286F2F712A20C56A0047304B /* CafeManager.swift in Sources */ = {isa = PBXBuildFile; fileRef = 286F2F702A20C56A0047304B /* CafeManager.swift */; };
		286F2F732A20C5910047304B /* CoffeeShop.swift in Sources */ = {isa = PBXBuildFile; fileRef = 286F2F722A20C5910047304B /* CoffeeShop.swift */; };
/* End PBXBuildFile section */

/* Begin PBXCopyFilesBuildPhase section */
		286F2F5E2A20C3AF0047304B /* CopyFiles */ = {
			isa = PBXCopyFilesBuildPhase;
			buildActionMask = 2147483647;
			dstPath = /usr/share/man/man1/;
			dstSubfolderSpec = 0;
			files = (
			);
			runOnlyForDeploymentPostprocessing = 1;
		};
/* End PBXCopyFilesBuildPhase section */

/* Begin PBXFileReference section */
		286F2F602A20C3AF0047304B /* week5_UML */ = {isa = PBXFileReference; explicitFileType = "compiled.mach-o.executable"; includeInIndex = 0; path = week5_UML; sourceTree = BUILT_PRODUCTS_DIR; };
		286F2F632A20C3AF0047304B /* main.swift */ = {isa = PBXFileReference; lastKnownFileType = sourcecode.swift; path = main.swift; sourceTree = "<group>"; };
		286F2F6A2A20C43F0047304B /* Person.swift */ = {isa = PBXFileReference; lastKnownFileType = sourcecode.swift; path = Person.swift; sourceTree = "<group>"; };
		286F2F6C2A20C4A90047304B /* Coffee.swift */ = {isa = PBXFileReference; lastKnownFileType = sourcecode.swift; path = Coffee.swift; sourceTree = "<group>"; };
		286F2F6E2A20C4E70047304B /* CoffeeMenu.swift */ = {isa = PBXFileReference; lastKnownFileType = sourcecode.swift; path = CoffeeMenu.swift; sourceTree = "<group>"; };
		286F2F702A20C56A0047304B /* CafeManager.swift */ = {isa = PBXFileReference; lastKnownFileType = sourcecode.swift; path = CafeManager.swift; sourceTree = "<group>"; };
		286F2F722A20C5910047304B /* CoffeeShop.swift */ = {isa = PBXFileReference; lastKnownFileType = sourcecode.swift; path = CoffeeShop.swift; sourceTree = "<group>"; };
/* End PBXFileReference section */

/* Begin PBXFrameworksBuildPhase section */
		286F2F5D2A20C3AF0047304B /* Frameworks */ = {
			isa = PBXFrameworksBuildPhase;
			buildActionMask = 2147483647;
			files = (
			);
			runOnlyForDeploymentPostprocessing = 0;
		};
/* End PBXFrameworksBuildPhase section */

/* Begin PBXGroup section */
		286F2F572A20C3AF0047304B = {
			isa = PBXGroup;
			children = (
				286F2F622A20C3AF0047304B /* week5_UML */,
				286F2F612A20C3AF0047304B /* Products */,
			);
			sourceTree = "<group>";
		};
		286F2F612A20C3AF0047304B /* Products */ = {
			isa = PBXGroup;
			children = (
				286F2F602A20C3AF0047304B /* week5_UML */,
			);
			name = Products;
			sourceTree = "<group>";
		};
		286F2F622A20C3AF0047304B /* week5_UML */ = {
			isa = PBXGroup;
			children = (
				286F2F632A20C3AF0047304B /* main.swift */,
				286F2F6A2A20C43F0047304B /* Person.swift */,
				286F2F6C2A20C4A90047304B /* Coffee.swift */,
				286F2F6E2A20C4E70047304B /* CoffeeMenu.swift */,
				286F2F702A20C56A0047304B /* CafeManager.swift */,
				286F2F722A20C5910047304B /* CoffeeShop.swift */,
			);
			path = week5_UML;
			sourceTree = "<group>";
		};
/* End PBXGroup section */

/* Begin PBXNativeTarget section */
		286F2F5F2A20C3AF0047304B /* week5_UML */ = {
			isa = PBXNativeTarget;
			buildConfigurationList = 286F2F672A20C3AF0047304B /* Build configuration list for PBXNativeTarget "week5_UML" */;
			buildPhases = (
				286F2F5C2A20C3AF0047304B /* Sources */,
				286F2F5D2A20C3AF0047304B /* Frameworks */,
				286F2F5E2A20C3AF0047304B /* CopyFiles */,
			);
			buildRules = (
			);
			dependencies = (
			);
			name = week5_UML;
			productName = week5_UML;
			productReference = 286F2F602A20C3AF0047304B /* week5_UML */;
			productType = "com.apple.product-type.tool";
		};
/* End PBXNativeTarget section */

/* Begin PBXProject section */
		286F2F582A20C3AF0047304B /* Project object */ = {
			isa = PBXProject;
			attributes = {
				BuildIndependentTargetsInParallel = 1;
				LastSwiftUpdateCheck = 1430;
				LastUpgradeCheck = 1430;
				TargetAttributes = {
					286F2F5F2A20C3AF0047304B = {
						CreatedOnToolsVersion = 14.3;
					};
				};
			};
			buildConfigurationList = 286F2F5B2A20C3AF0047304B /* Build configuration list for PBXProject "week5_UML" */;
			compatibilityVersion = "Xcode 14.0";
			developmentRegion = en;
			hasScannedForEncodings = 0;
			knownRegions = (
				en,
				Base,
			);
			mainGroup = 286F2F572A20C3AF0047304B;
			productRefGroup = 286F2F612A20C3AF0047304B /* Products */;
			projectDirPath = "";
			projectRoot = "";
			targets = (
				286F2F5F2A20C3AF0047304B /* week5_UML */,
			);
		};
/* End PBXProject section */

/* Begin PBXSourcesBuildPhase section */
		286F2F5C2A20C3AF0047304B /* Sources */ = {
			isa = PBXSourcesBuildPhase;
			buildActionMask = 2147483647;
			files = (
				286F2F6F2A20C4E70047304B /* CoffeeMenu.swift in Sources */,
				286F2F6B2A20C43F0047304B /* Person.swift in Sources */,
				286F2F642A20C3AF0047304B /* main.swift in Sources */,
				286F2F732A20C5910047304B /* CoffeeShop.swift in Sources */,
				286F2F6D2A20C4A90047304B /* Coffee.swift in Sources */,
				286F2F712A20C56A0047304B /* CafeManager.swift in Sources */,
			);
			runOnlyForDeploymentPostprocessing = 0;
		};
/* End PBXSourcesBuildPhase section */

/* Begin XCBuildConfiguration section */
		286F2F652A20C3AF0047304B /* Debug */ = {
			isa = XCBuildConfiguration;
			buildSettings = {
				ALWAYS_SEARCH_USER_PATHS = NO;
				CLANG_ANALYZER_NONNULL = YES;
				CLANG_ANALYZER_NUMBER_OBJECT_CONVERSION = YES_AGGRESSIVE;
				CLANG_CXX_LANGUAGE_STANDARD = "gnu++20";
				CLANG_ENABLE_MODULES = YES;
				CLANG_ENABLE_OBJC_ARC = YES;
				CLANG_ENABLE_OBJC_WEAK = YES;
				CLANG_WARN_BLOCK_CAPTURE_AUTORELEASING = YES;
				CLANG_WARN_BOOL_CONVERSION = YES;
				CLANG_WARN_COMMA = YES;
				CLANG_WARN_CONSTANT_CONVERSION = YES;
				CLANG_WARN_DEPRECATED_OBJC_IMPLEMENTATIONS = YES;
				CLANG_WARN_DIRECT_OBJC_ISA_USAGE = YES_ERROR;
				CLANG_WARN_DOCUMENTATION_COMMENTS = YES;
				CLANG_WARN_EMPTY_BODY = YES;
				CLANG_WARN_ENUM_CONVERSION = YES;
				CLANG_WARN_INFINITE_RECURSION = YES;
				CLANG_WARN_INT_CONVERSION = YES;
				CLANG_WARN_NON_LITERAL_NULL_CONVERSION = YES;
				CLANG_WARN_OBJC_IMPLICIT_RETAIN_SELF = YES;
				CLANG_WARN_OBJC_LITERAL_CONVERSION = YES;
				CLANG_WARN_OBJC_ROOT_CLASS = YES_ERROR;
				CLANG_WARN_QUOTED_INCLUDE_IN_FRAMEWORK_HEADER = YES;
				CLANG_WARN_RANGE_LOOP_ANALYSIS = YES;
				CLANG_WARN_STRICT_PROTOTYPES = YES;
				CLANG_WARN_SUSPICIOUS_MOVE = YES;
				CLANG_WARN_UNGUARDED_AVAILABILITY = YES_AGGRESSIVE;
				CLANG_WARN_UNREACHABLE_CODE = YES;
				CLANG_WARN__DUPLICATE_METHOD_MATCH = YES;
				COPY_PHASE_STRIP = NO;
				DEBUG_INFORMATION_FORMAT = dwarf;
				ENABLE_STRICT_OBJC_MSGSEND = YES;
				ENABLE_TESTABILITY = YES;
				GCC_C_LANGUAGE_STANDARD = gnu11;
				GCC_DYNAMIC_NO_PIC = NO;
				GCC_NO_COMMON_BLOCKS = YES;
				GCC_OPTIMIZATION_LEVEL = 0;
				GCC_PREPROCESSOR_DEFINITIONS = (
					"DEBUG=1",
					"$(inherited)",
				);
				GCC_WARN_64_TO_32_BIT_CONVERSION = YES;
				GCC_WARN_ABOUT_RETURN_TYPE = YES_ERROR;
				GCC_WARN_UNDECLARED_SELECTOR = YES;
				GCC_WARN_UNINITIALIZED_AUTOS = YES_AGGRESSIVE;
				GCC_WARN_UNUSED_FUNCTION = YES;
				GCC_WARN_UNUSED_VARIABLE = YES;
				MACOSX_DEPLOYMENT_TARGET = 13.3;
				MTL_ENABLE_DEBUG_INFO = INCLUDE_SOURCE;
				MTL_FAST_MATH = YES;
				ONLY_ACTIVE_ARCH = YES;
				SDKROOT = macosx;
				SWIFT_ACTIVE_COMPILATION_CONDITIONS = DEBUG;
				SWIFT_OPTIMIZATION_LEVEL = "-Onone";
			};
			name = Debug;
		};
		286F2F662A20C3AF0047304B /* Release */ = {
			isa = XCBuildConfiguration;
			buildSettings = {
				ALWAYS_SEARCH_USER_PATHS = NO;
				CLANG_ANALYZER_NONNULL = YES;
				CLANG_ANALYZER_NUMBER_OBJECT_CONVERSION = YES_AGGRESSIVE;
				CLANG_CXX_LANGUAGE_STANDARD = "gnu++20";
				CLANG_ENABLE_MODULES = YES;
				CLANG_ENABLE_OBJC_ARC = YES;
				CLANG_ENABLE_OBJC_WEAK = YES;
				CLANG_WARN_BLOCK_CAPTURE_AUTORELEASING = YES;
				CLANG_WARN_BOOL_CONVERSION = YES;
				CLANG_WARN_COMMA = YES;
				CLANG_WARN_CONSTANT_CONVERSION = YES;
				CLANG_WARN_DEPRECATED_OBJC_IMPLEMENTATIONS = YES;
				CLANG_WARN_DIRECT_OBJC_ISA_USAGE = YES_ERROR;
				CLANG_WARN_DOCUMENTATION_COMMENTS = YES;
				CLANG_WARN_EMPTY_BODY = YES;
				CLANG_WARN_ENUM_CONVERSION = YES;
				CLANG_WARN_INFINITE_RECURSION = YES;
				CLANG_WARN_INT_CONVERSION = YES;
				CLANG_WARN_NON_LITERAL_NULL_CONVERSION = YES;
				CLANG_WARN_OBJC_IMPLICIT_RETAIN_SELF = YES;
				CLANG_WARN_OBJC_LITERAL_CONVERSION = YES;
				CLANG_WARN_OBJC_ROOT_CLASS = YES_ERROR;
				CLANG_WARN_QUOTED_INCLUDE_IN_FRAMEWORK_HEADER = YES;
				CLANG_WARN_RANGE_LOOP_ANALYSIS = YES;
				CLANG_WARN_STRICT_PROTOTYPES = YES;
				CLANG_WARN_SUSPICIOUS_MOVE = YES;
				CLANG_WARN_UNGUARDED_AVAILABILITY = YES_AGGRESSIVE;
				CLANG_WARN_UNREACHABLE_CODE = YES;
				CLANG_WARN__DUPLICATE_METHOD_MATCH = YES;
				COPY_PHASE_STRIP = NO;
				DEBUG_INFORMATION_FORMAT = "dwarf-with-dsym";
				ENABLE_NS_ASSERTIONS = NO;
				ENABLE_STRICT_OBJC_MSGSEND = YES;
				GCC_C_LANGUAGE_STANDARD = gnu11;
				GCC_NO_COMMON_BLOCKS = YES;
				GCC_WARN_64_TO_32_BIT_CONVERSION = YES;
				GCC_WARN_ABOUT_RETURN_TYPE = YES_ERROR;
				GCC_WARN_UNDECLARED_SELECTOR = YES;
				GCC_WARN_UNINITIALIZED_AUTOS = YES_AGGRESSIVE;
				GCC_WARN_UNUSED_FUNCTION = YES;
				GCC_WARN_UNUSED_VARIABLE = YES;
				MACOSX_DEPLOYMENT_TARGET = 13.3;
				MTL_ENABLE_DEBUG_INFO = NO;
				MTL_FAST_MATH = YES;
				SDKROOT = macosx;
				SWIFT_COMPILATION_MODE = wholemodule;
				SWIFT_OPTIMIZATION_LEVEL = "-O";
			};
			name = Release;
		};
		286F2F682A20C3AF0047304B /* Debug */ = {
			isa = XCBuildConfiguration;
			buildSettings = {
				CODE_SIGN_STYLE = Automatic;
				PRODUCT_NAME = "$(TARGET_NAME)";
				SWIFT_VERSION = 5.0;
			};
			name = Debug;
		};
		286F2F692A20C3AF0047304B /* Release */ = {
			isa = XCBuildConfiguration;
			buildSettings = {
				CODE_SIGN_STYLE = Automatic;
				PRODUCT_NAME = "$(TARGET_NAME)";
				SWIFT_VERSION = 5.0;
			};
			name = Release;
		};
/* End XCBuildConfiguration section */

/* Begin XCConfigurationList section */
		286F2F5B2A20C3AF0047304B /* Build configuration list for PBXProject "week5_UML" */ = {
			isa = XCConfigurationList;
			buildConfigurations = (
				286F2F652A20C3AF0047304B /* Debug */,
				286F2F662A20C3AF0047304B /* Release */,
			);
			defaultConfigurationIsVisible = 0;
			defaultConfigurationName = Release;
		};
		286F2F672A20C3AF0047304B /* Build configuration list for PBXNativeTarget "week5_UML" */ = {
			isa = XCConfigurationList;
			buildConfigurations = (
				286F2F682A20C3AF0047304B /* Debug */,
				286F2F692A20C3AF0047304B /* Release */,
			);
			defaultConfigurationIsVisible = 0;
			defaultConfigurationName = Release;
		};
/* End XCConfigurationList section */
	};
	rootObject = 286F2F582A20C3AF0047304B /* Project object */;
}
